// !$*UTF8*$!
{
	archiveVersion = 1;
	classes = {
	};
	objectVersion = 55;
	objects = {

/* Begin PBXBuildFile section */
		E22300BB28B79884006E64A1 /* Tests_iOS.swift in Sources */ = {isa = PBXBuildFile; fileRef = E22300BA28B79884006E64A1 /* Tests_iOS.swift */; };
		E22300BD28B79884006E64A1 /* Tests_iOSLaunchTests.swift in Sources */ = {isa = PBXBuildFile; fileRef = E22300BC28B79884006E64A1 /* Tests_iOSLaunchTests.swift */; };
		E22300C728B79885006E64A1 /* Tests_macOS.swift in Sources */ = {isa = PBXBuildFile; fileRef = E22300C628B79885006E64A1 /* Tests_macOS.swift */; };
		E22300C928B79885006E64A1 /* Tests_macOSLaunchTests.swift in Sources */ = {isa = PBXBuildFile; fileRef = E22300C828B79885006E64A1 /* Tests_macOSLaunchTests.swift */; };
		E22300CA28B79885006E64A1 /* PomodoroTimerApp.swift in Sources */ = {isa = PBXBuildFile; fileRef = E22300A228B79884006E64A1 /* PomodoroTimerApp.swift */; };
		E22300CB28B79885006E64A1 /* PomodoroTimerApp.swift in Sources */ = {isa = PBXBuildFile; fileRef = E22300A228B79884006E64A1 /* PomodoroTimerApp.swift */; };
		E22300CC28B79885006E64A1 /* ContentView.swift in Sources */ = {isa = PBXBuildFile; fileRef = E22300A328B79884006E64A1 /* ContentView.swift */; };
		E22300CD28B79885006E64A1 /* ContentView.swift in Sources */ = {isa = PBXBuildFile; fileRef = E22300A328B79884006E64A1 /* ContentView.swift */; };
		E22300CE28B79885006E64A1 /* Assets.xcassets in Resources */ = {isa = PBXBuildFile; fileRef = E22300A428B79884006E64A1 /* Assets.xcassets */; };
		E22300CF28B79885006E64A1 /* Assets.xcassets in Resources */ = {isa = PBXBuildFile; fileRef = E22300A428B79884006E64A1 /* Assets.xcassets */; };
		E22300E128B798B8006E64A1 /* Home.swift in Sources */ = {isa = PBXBuildFile; fileRef = E22300E028B798B8006E64A1 /* Home.swift */; };
		E22300E328B798F8006E64A1 /* PomodoroModel.swift in Sources */ = {isa = PBXBuildFile; fileRef = E22300E228B798F8006E64A1 /* PomodoroModel.swift */; };
/* End PBXBuildFile section */

/* Begin PBXContainerItemProxy section */
		E22300B728B79884006E64A1 /* PBXContainerItemProxy */ = {
			isa = PBXContainerItemProxy;
			containerPortal = E223009D28B79884006E64A1 /* Project object */;
			proxyType = 1;
			remoteGlobalIDString = E22300A828B79884006E64A1;
			remoteInfo = "PomodoroTimer (iOS)";
		};
		E22300C328B79885006E64A1 /* PBXContainerItemProxy */ = {
			isa = PBXContainerItemProxy;
			containerPortal = E223009D28B79884006E64A1 /* Project object */;
			proxyType = 1;
			remoteGlobalIDString = E22300AE28B79884006E64A1;
			remoteInfo = "PomodoroTimer (macOS)";
		};
/* End PBXContainerItemProxy section */

/* Begin PBXFileReference section */
		E22300A228B79884006E64A1 /* PomodoroTimerApp.swift */ = {isa = PBXFileReference; lastKnownFileType = sourcecode.swift; path = PomodoroTimerApp.swift; sourceTree = "<group>"; };
		E22300A328B79884006E64A1 /* ContentView.swift */ = {isa = PBXFileReference; lastKnownFileType = sourcecode.swift; path = ContentView.swift; sourceTree = "<group>"; };
		E22300A428B79884006E64A1 /* Assets.xcassets */ = {isa = PBXFileReference; lastKnownFileType = folder.assetcatalog; path = Assets.xcassets; sourceTree = "<group>"; };
		E22300A928B79884006E64A1 /* PomodoroTimer.app */ = {isa = PBXFileReference; explicitFileType = wrapper.application; includeInIndex = 0; path = PomodoroTimer.app; sourceTree = BUILT_PRODUCTS_DIR; };
		E22300AF28B79884006E64A1 /* PomodoroTimer.app */ = {isa = PBXFileReference; explicitFileType = wrapper.application; includeInIndex = 0; path = PomodoroTimer.app; sourceTree = BUILT_PRODUCTS_DIR; };
		E22300B128B79884006E64A1 /* macOS.entitlements */ = {isa = PBXFileReference; lastKnownFileType = text.plist.entitlements; path = macOS.entitlements; sourceTree = "<group>"; };
		E22300B628B79884006E64A1 /* Tests iOS.xctest */ = {isa = PBXFileReference; explicitFileType = wrapper.cfbundle; includeInIndex = 0; path = "Tests iOS.xctest"; sourceTree = BUILT_PRODUCTS_DIR; };
		E22300BA28B79884006E64A1 /* Tests_iOS.swift */ = {isa = PBXFileReference; lastKnownFileType = sourcecode.swift; path = Tests_iOS.swift; sourceTree = "<group>"; };
		E22300BC28B79884006E64A1 /* Tests_iOSLaunchTests.swift */ = {isa = PBXFileReference; lastKnownFileType = sourcecode.swift; path = Tests_iOSLaunchTests.swift; sourceTree = "<group>"; };
		E22300C228B79884006E64A1 /* Tests macOS.xctest */ = {isa = PBXFileReference; explicitFileType = wrapper.cfbundle; includeInIndex = 0; path = "Tests macOS.xctest"; sourceTree = BUILT_PRODUCTS_DIR; };
		E22300C628B79885006E64A1 /* Tests_macOS.swift */ = {isa = PBXFileReference; lastKnownFileType = sourcecode.swift; path = Tests_macOS.swift; sourceTree = "<group>"; };
		E22300C828B79885006E64A1 /* Tests_macOSLaunchTests.swift */ = {isa = PBXFileReference; lastKnownFileType = sourcecode.swift; path = Tests_macOSLaunchTests.swift; sourceTree = "<group>"; };
		E22300E028B798B8006E64A1 /* Home.swift */ = {isa = PBXFileReference; lastKnownFileType = sourcecode.swift; path = Home.swift; sourceTree = "<group>"; };
		E22300E228B798F8006E64A1 /* PomodoroModel.swift */ = {isa = PBXFileReference; lastKnownFileType = sourcecode.swift; path = PomodoroModel.swift; sourceTree = "<group>"; };
/* End PBXFileReference section */

/* Begin PBXFrameworksBuildPhase section */
		E22300A628B79884006E64A1 /* Frameworks */ = {
			isa = PBXFrameworksBuildPhase;
			buildActionMask = 2147483647;
			files = (
			);
			runOnlyForDeploymentPostprocessing = 0;
		};
		E22300AC28B79884006E64A1 /* Frameworks */ = {
			isa = PBXFrameworksBuildPhase;
			buildActionMask = 2147483647;
			files = (
			);
			runOnlyForDeploymentPostprocessing = 0;
		};
		E22300B328B79884006E64A1 /* Frameworks */ = {
			isa = PBXFrameworksBuildPhase;
			buildActionMask = 2147483647;
			files = (
			);
			runOnlyForDeploymentPostprocessing = 0;
		};
		E22300BF28B79884006E64A1 /* Frameworks */ = {
			isa = PBXFrameworksBuildPhase;
			buildActionMask = 2147483647;
			files = (
			);
			runOnlyForDeploymentPostprocessing = 0;
		};
/* End PBXFrameworksBuildPhase section */

/* Begin PBXGroup section */
		E223009C28B79884006E64A1 = {
			isa = PBXGroup;
			children = (
				E22300A128B79884006E64A1 /* Shared */,
				E22300B028B79884006E64A1 /* macOS */,
				E22300B928B79884006E64A1 /* Tests iOS */,
				E22300C528B79885006E64A1 /* Tests macOS */,
				E22300AA28B79884006E64A1 /* Products */,
			);
			sourceTree = "<group>";
		};
		E22300A128B79884006E64A1 /* Shared */ = {
			isa = PBXGroup;
			children = (
				E22300DF28B798A0006E64A1 /* ViewModel */,
				E22300DE28B79899006E64A1 /* View */,
				E22300A228B79884006E64A1 /* PomodoroTimerApp.swift */,
				E22300A328B79884006E64A1 /* ContentView.swift */,
				E22300A428B79884006E64A1 /* Assets.xcassets */,
			);
			path = Shared;
			sourceTree = "<group>";
		};
		E22300AA28B79884006E64A1 /* Products */ = {
			isa = PBXGroup;
			children = (
				E22300A928B79884006E64A1 /* PomodoroTimer.app */,
				E22300AF28B79884006E64A1 /* PomodoroTimer.app */,
				E22300B628B79884006E64A1 /* Tests iOS.xctest */,
				E22300C228B79884006E64A1 /* Tests macOS.xctest */,
			);
			name = Products;
			sourceTree = "<group>";
		};
		E22300B028B79884006E64A1 /* macOS */ = {
			isa = PBXGroup;
			children = (
				E22300B128B79884006E64A1 /* macOS.entitlements */,
			);
			path = macOS;
			sourceTree = "<group>";
		};
		E22300B928B79884006E64A1 /* Tests iOS */ = {
			isa = PBXGroup;
			children = (
				E22300BA28B79884006E64A1 /* Tests_iOS.swift */,
				E22300BC28B79884006E64A1 /* Tests_iOSLaunchTests.swift */,
			);
			path = "Tests iOS";
			sourceTree = "<group>";
		};
		E22300C528B79885006E64A1 /* Tests macOS */ = {
			isa = PBXGroup;
			children = (
				E22300C628B79885006E64A1 /* Tests_macOS.swift */,
				E22300C828B79885006E64A1 /* Tests_macOSLaunchTests.swift */,
			);
			path = "Tests macOS";
			sourceTree = "<group>";
		};
		E22300DE28B79899006E64A1 /* View */ = {
			isa = PBXGroup;
			children = (
				E22300E028B798B8006E64A1 /* Home.swift */,
			);
			path = View;
			sourceTree = "<group>";
		};
		E22300DF28B798A0006E64A1 /* ViewModel */ = {
			isa = PBXGroup;
			children = (
				E22300E228B798F8006E64A1 /* PomodoroModel.swift */,
			);
			path = ViewModel;
			sourceTree = "<group>";
		};
/* End PBXGroup section */

/* Begin PBXNativeTarget section */
		E22300A828B79884006E64A1 /* PomodoroTimer (iOS) */ = {
			isa = PBXNativeTarget;
			buildConfigurationList = E22300D228B79885006E64A1 /* Build configuration list for PBXNativeTarget "PomodoroTimer (iOS)" */;
			buildPhases = (
				E22300A528B79884006E64A1 /* Sources */,
				E22300A628B79884006E64A1 /* Frameworks */,
				E22300A728B79884006E64A1 /* Resources */,
			);
			buildRules = (
			);
			dependencies = (
			);
			name = "PomodoroTimer (iOS)";
			productName = "PomodoroTimer (iOS)";
			productReference = E22300A928B79884006E64A1 /* PomodoroTimer.app */;
			productType = "com.apple.product-type.application";
		};
		E22300AE28B79884006E64A1 /* PomodoroTimer (macOS) */ = {
			isa = PBXNativeTarget;
			buildConfigurationList = E22300D528B79885006E64A1 /* Build configuration list for PBXNativeTarget "PomodoroTimer (macOS)" */;
			buildPhases = (
				E22300AB28B79884006E64A1 /* Sources */,
				E22300AC28B79884006E64A1 /* Frameworks */,
				E22300AD28B79884006E64A1 /* Resources */,
			);
			buildRules = (
			);
			dependencies = (
			);
			name = "PomodoroTimer (macOS)";
			productName = "PomodoroTimer (macOS)";
			productReference = E22300AF28B79884006E64A1 /* PomodoroTimer.app */;
			productType = "com.apple.product-type.application";
		};
		E22300B528B79884006E64A1 /* Tests iOS */ = {
			isa = PBXNativeTarget;
			buildConfigurationList = E22300D828B79885006E64A1 /* Build configuration list for PBXNativeTarget "Tests iOS" */;
			buildPhases = (
				E22300B228B79884006E64A1 /* Sources */,
				E22300B328B79884006E64A1 /* Frameworks */,
				E22300B428B79884006E64A1 /* Resources */,
			);
			buildRules = (
			);
			dependencies = (
				E22300B828B79884006E64A1 /* PBXTargetDependency */,
			);
			name = "Tests iOS";
			productName = "Tests iOS";
			productReference = E22300B628B79884006E64A1 /* Tests iOS.xctest */;
			productType = "com.apple.product-type.bundle.ui-testing";
		};
		E22300C128B79884006E64A1 /* Tests macOS */ = {
			isa = PBXNativeTarget;
			buildConfigurationList = E22300DB28B79885006E64A1 /* Build configuration list for PBXNativeTarget "Tests macOS" */;
			buildPhases = (
				E22300BE28B79884006E64A1 /* Sources */,
				E22300BF28B79884006E64A1 /* Frameworks */,
				E22300C028B79884006E64A1 /* Resources */,
			);
			buildRules = (
			);
			dependencies = (
				E22300C428B79885006E64A1 /* PBXTargetDependency */,
			);
			name = "Tests macOS";
			productName = "Tests macOS";
			productReference = E22300C228B79884006E64A1 /* Tests macOS.xctest */;
			productType = "com.apple.product-type.bundle.ui-testing";
		};
/* End PBXNativeTarget section */

/* Begin PBXProject section */
		E223009D28B79884006E64A1 /* Project object */ = {
			isa = PBXProject;
			attributes = {
				BuildIndependentTargetsInParallel = 1;
				LastSwiftUpdateCheck = 1340;
				LastUpgradeCheck = 1340;
				TargetAttributes = {
					E22300A828B79884006E64A1 = {
						CreatedOnToolsVersion = 13.4.1;
					};
					E22300AE28B79884006E64A1 = {
						CreatedOnToolsVersion = 13.4.1;
					};
					E22300B528B79884006E64A1 = {
						CreatedOnToolsVersion = 13.4.1;
						TestTargetID = E22300A828B79884006E64A1;
					};
					E22300C128B79884006E64A1 = {
						CreatedOnToolsVersion = 13.4.1;
						TestTargetID = E22300AE28B79884006E64A1;
					};
				};
			};
			buildConfigurationList = E22300A028B79884006E64A1 /* Build configuration list for PBXProject "PomodoroTimer" */;
			compatibilityVersion = "Xcode 13.0";
			developmentRegion = en;
			hasScannedForEncodings = 0;
			knownRegions = (
				en,
				Base,
			);
			mainGroup = E223009C28B79884006E64A1;
			productRefGroup = E22300AA28B79884006E64A1 /* Products */;
			projectDirPath = "";
			projectRoot = "";
			targets = (
				E22300A828B79884006E64A1 /* PomodoroTimer (iOS) */,
				E22300AE28B79884006E64A1 /* PomodoroTimer (macOS) */,
				E22300B528B79884006E64A1 /* Tests iOS */,
				E22300C128B79884006E64A1 /* Tests macOS */,
			);
		};
/* End PBXProject section */

/* Begin PBXResourcesBuildPhase section */
		E22300A728B79884006E64A1 /* Resources */ = {
			isa = PBXResourcesBuildPhase;
			buildActionMask = 2147483647;
			files = (
				E22300CE28B79885006E64A1 /* Assets.xcassets in Resources */,
			);
			runOnlyForDeploymentPostprocessing = 0;
		};
		E22300AD28B79884006E64A1 /* Resources */ = {
			isa = PBXResourcesBuildPhase;
			buildActionMask = 2147483647;
			files = (
				E22300CF28B79885006E64A1 /* Assets.xcassets in Resources */,
			);
			runOnlyForDeploymentPostprocessing = 0;
		};
		E22300B428B79884006E64A1 /* Resources */ = {
			isa = PBXResourcesBuildPhase;
			buildActionMask = 2147483647;
			files = (
			);
			runOnlyForDeploymentPostprocessing = 0;
		};
		E22300C028B79884006E64A1 /* Resources */ = {
			isa = PBXResourcesBuildPhase;
			buildActionMask = 2147483647;
			files = (
			);
			runOnlyForDeploymentPostprocessing = 0;
		};
/* End PBXResourcesBuildPhase section */

/* Begin PBXSourcesBuildPhase section */
		E22300A528B79884006E64A1 /* Sources */ = {
			isa = PBXSourcesBuildPhase;
			buildActionMask = 2147483647;
			files = (
				E22300CC28B79885006E64A1 /* ContentView.swift in Sources */,
				E22300E128B798B8006E64A1 /* Home.swift in Sources */,
				E22300E328B798F8006E64A1 /* PomodoroModel.swift in Sources */,
				E22300CA28B79885006E64A1 /* PomodoroTimerApp.swift in Sources */,
			);
			runOnlyForDeploymentPostprocessing = 0;
		};
		E22300AB28B79884006E64A1 /* Sources */ = {
			isa = PBXSourcesBuildPhase;
			buildActionMask = 2147483647;
			files = (
				E22300CD28B79885006E64A1 /* ContentView.swift in Sources */,
				E22300CB28B79885006E64A1 /* PomodoroTimerApp.swift in Sources */,
			);
			runOnlyForDeploymentPostprocessing = 0;
		};
		E22300B228B79884006E64A1 /* Sources */ = {
			isa = PBXSourcesBuildPhase;
			buildActionMask = 2147483647;
			files = (
				E22300BD28B79884006E64A1 /* Tests_iOSLaunchTests.swift in Sources */,
				E22300BB28B79884006E64A1 /* Tests_iOS.swift in Sources */,
			);
			runOnlyForDeploymentPostprocessing = 0;
		};
		E22300BE28B79884006E64A1 /* Sources */ = {
			isa = PBXSourcesBuildPhase;
			buildActionMask = 2147483647;
			files = (
				E22300C928B79885006E64A1 /* Tests_macOSLaunchTests.swift in Sources */,
				E22300C728B79885006E64A1 /* Tests_macOS.swift in Sources */,
			);
			runOnlyForDeploymentPostprocessing = 0;
		};
/* End PBXSourcesBuildPhase section */

/* Begin PBXTargetDependency section */
		E22300B828B79884006E64A1 /* PBXTargetDependency */ = {
			isa = PBXTargetDependency;
			target = E22300A828B79884006E64A1 /* PomodoroTimer (iOS) */;
			targetProxy = E22300B728B79884006E64A1 /* PBXContainerItemProxy */;
		};
		E22300C428B79885006E64A1 /* PBXTargetDependency */ = {
			isa = PBXTargetDependency;
			target = E22300AE28B79884006E64A1 /* PomodoroTimer (macOS) */;
			targetProxy = E22300C328B79885006E64A1 /* PBXContainerItemProxy */;
		};
/* End PBXTargetDependency section */

/* Begin XCBuildConfiguration section */
		E22300D028B79885006E64A1 /* Debug */ = {
			isa = XCBuildConfiguration;
			buildSettings = {
				ALWAYS_SEARCH_USER_PATHS = NO;
				CLANG_ANALYZER_NONNULL = YES;
				CLANG_ANALYZER_NUMBER_OBJECT_CONVERSION = YES_AGGRESSIVE;
				CLANG_CXX_LANGUAGE_STANDARD = "gnu++17";
				CLANG_ENABLE_MODULES = YES;
				CLANG_ENABLE_OBJC_ARC = YES;
				CLANG_ENABLE_OBJC_WEAK = YES;
				CLANG_WARN_BLOCK_CAPTURE_AUTORELEASING = YES;
				CLANG_WARN_BOOL_CONVERSION = YES;
				CLANG_WARN_COMMA = YES;
				CLANG_WARN_CONSTANT_CONVERSION = YES;
				CLANG_WARN_DEPRECATED_OBJC_IMPLEMENTATIONS = YES;
				CLANG_WARN_DIRECT_OBJC_ISA_USAGE = YES_ERROR;
				CLANG_WARN_DOCUMENTATION_COMMENTS = YES;
				CLANG_WARN_EMPTY_BODY = YES;
				CLANG_WARN_ENUM_CONVERSION = YES;
				CLANG_WARN_INFINITE_RECURSION = YES;
				CLANG_WARN_INT_CONVERSION = YES;
				CLANG_WARN_NON_LITERAL_NULL_CONVERSION = YES;
				CLANG_WARN_OBJC_IMPLICIT_RETAIN_SELF = YES;
				CLANG_WARN_OBJC_LITERAL_CONVERSION = YES;
				CLANG_WARN_OBJC_ROOT_CLASS = YES_ERROR;
				CLANG_WARN_QUOTED_INCLUDE_IN_FRAMEWORK_HEADER = YES;
				CLANG_WARN_RANGE_LOOP_ANALYSIS = YES;
				CLANG_WARN_STRICT_PROTOTYPES = YES;
				CLANG_WARN_SUSPICIOUS_MOVE = YES;
				CLANG_WARN_UNGUARDED_AVAILABILITY = YES_AGGRESSIVE;
				CLANG_WARN_UNREACHABLE_CODE = YES;
				CLANG_WARN__DUPLICATE_METHOD_MATCH = YES;
				COPY_PHASE_STRIP = NO;
				DEBUG_INFORMATION_FORMAT = dwarf;
				ENABLE_STRICT_OBJC_MSGSEND = YES;
				ENABLE_TESTABILITY = YES;
				GCC_C_LANGUAGE_STANDARD = gnu11;
				GCC_DYNAMIC_NO_PIC = NO;
				GCC_NO_COMMON_BLOCKS = YES;
				GCC_OPTIMIZATION_LEVEL = 0;
				GCC_PREPROCESSOR_DEFINITIONS = (
					"DEBUG=1",
					"$(inherited)",
				);
				GCC_WARN_64_TO_32_BIT_CONVERSION = YES;
				GCC_WARN_ABOUT_RETURN_TYPE = YES_ERROR;
				GCC_WARN_UNDECLARED_SELECTOR = YES;
				GCC_WARN_UNINITIALIZED_AUTOS = YES_AGGRESSIVE;
				GCC_WARN_UNUSED_FUNCTION = YES;
				GCC_WARN_UNUSED_VARIABLE = YES;
				MTL_ENABLE_DEBUG_INFO = INCLUDE_SOURCE;
				MTL_FAST_MATH = YES;
				ONLY_ACTIVE_ARCH = YES;
				SWIFT_ACTIVE_COMPILATION_CONDITIONS = DEBUG;
				SWIFT_OPTIMIZATION_LEVEL = "-Onone";
			};
			name = Debug;
		};
		E22300D128B79885006E64A1 /* Release */ = {
			isa = XCBuildConfiguration;
			buildSettings = {
				ALWAYS_SEARCH_USER_PATHS = NO;
				CLANG_ANALYZER_NONNULL = YES;
				CLANG_ANALYZER_NUMBER_OBJECT_CONVERSION = YES_AGGRESSIVE;
				CLANG_CXX_LANGUAGE_STANDARD = "gnu++17";
				CLANG_ENABLE_MODULES = YES;
				CLANG_ENABLE_OBJC_ARC = YES;
				CLANG_ENABLE_OBJC_WEAK = YES;
				CLANG_WARN_BLOCK_CAPTURE_AUTORELEASING = YES;
				CLANG_WARN_BOOL_CONVERSION = YES;
				CLANG_WARN_COMMA = YES;
				CLANG_WARN_CONSTANT_CONVERSION = YES;
				CLANG_WARN_DEPRECATED_OBJC_IMPLEMENTATIONS = YES;
				CLANG_WARN_DIRECT_OBJC_ISA_USAGE = YES_ERROR;
				CLANG_WARN_DOCUMENTATION_COMMENTS = YES;
				CLANG_WARN_EMPTY_BODY = YES;
				CLANG_WARN_ENUM_CONVERSION = YES;
				CLANG_WARN_INFINITE_RECURSION = YES;
				CLANG_WARN_INT_CONVERSION = YES;
				CLANG_WARN_NON_LITERAL_NULL_CONVERSION = YES;
				CLANG_WARN_OBJC_IMPLICIT_RETAIN_SELF = YES;
				CLANG_WARN_OBJC_LITERAL_CONVERSION = YES;
				CLANG_WARN_OBJC_ROOT_CLASS = YES_ERROR;
				CLANG_WARN_QUOTED_INCLUDE_IN_FRAMEWORK_HEADER = YES;
				CLANG_WARN_RANGE_LOOP_ANALYSIS = YES;
				CLANG_WARN_STRICT_PROTOTYPES = YES;
				CLANG_WARN_SUSPICIOUS_MOVE = YES;
				CLANG_WARN_UNGUARDED_AVAILABILITY = YES_AGGRESSIVE;
				CLANG_WARN_UNREACHABLE_CODE = YES;
				CLANG_WARN__DUPLICATE_METHOD_MATCH = YES;
				COPY_PHASE_STRIP = NO;
				DEBUG_INFORMATION_FORMAT = "dwarf-with-dsym";
				ENABLE_NS_ASSERTIONS = NO;
				ENABLE_STRICT_OBJC_MSGSEND = YES;
				GCC_C_LANGUAGE_STANDARD = gnu11;
				GCC_NO_COMMON_BLOCKS = YES;
				GCC_WARN_64_TO_32_BIT_CONVERSION = YES;
				GCC_WARN_ABOUT_RETURN_TYPE = YES_ERROR;
				GCC_WARN_UNDECLARED_SELECTOR = YES;
				GCC_WARN_UNINITIALIZED_AUTOS = YES_AGGRESSIVE;
				GCC_WARN_UNUSED_FUNCTION = YES;
				GCC_WARN_UNUSED_VARIABLE = YES;
				MTL_ENABLE_DEBUG_INFO = NO;
				MTL_FAST_MATH = YES;
				SWIFT_COMPILATION_MODE = wholemodule;
				SWIFT_OPTIMIZATION_LEVEL = "-O";
			};
			name = Release;
		};
		E22300D328B79885006E64A1 /* Debug */ = {
			isa = XCBuildConfiguration;
			buildSettings = {
				ASSETCATALOG_COMPILER_APPICON_NAME = AppIcon;
				ASSETCATALOG_COMPILER_GLOBAL_ACCENT_COLOR_NAME = AccentColor;
				CODE_SIGN_STYLE = Automatic;
				CURRENT_PROJECT_VERSION = 1;
				DEVELOPMENT_TEAM = S642X6NN3X;
				ENABLE_PREVIEWS = YES;
				GENERATE_INFOPLIST_FILE = YES;
				INFOPLIST_KEY_UIApplicationSceneManifest_Generation = YES;
				INFOPLIST_KEY_UIApplicationSupportsIndirectInputEvents = YES;
				INFOPLIST_KEY_UILaunchScreen_Generation = YES;
				INFOPLIST_KEY_UISupportedInterfaceOrientations_iPad = "UIInterfaceOrientationPortrait UIInterfaceOrientationPortraitUpsideDown UIInterfaceOrientationLandscapeLeft UIInterfaceOrientationLandscapeRight";
				INFOPLIST_KEY_UISupportedInterfaceOrientations_iPhone = "UIInterfaceOrientationPortrait UIInterfaceOrientationLandscapeLeft UIInterfaceOrientationLandscapeRight";
				IPHONEOS_DEPLOYMENT_TARGET = 15.5;
				LD_RUNPATH_SEARCH_PATHS = (
					"$(inherited)",
					"@executable_path/Frameworks",
				);
				MARKETING_VERSION = 1.0;
				PRODUCT_BUNDLE_IDENTIFIER = com.talspektor.PomodoroTimer;
				PRODUCT_NAME = PomodoroTimer;
				SDKROOT = iphoneos;
				SWIFT_EMIT_LOC_STRINGS = YES;
				SWIFT_VERSION = 5.0;
				TARGETED_DEVICE_FAMILY = "1,2";
			};
			name = Debug;
		};
		E22300D428B79885006E64A1 /* Release */ = {
			isa = XCBuildConfiguration;
			buildSettings = {
				ASSETCATALOG_COMPILER_APPICON_NAME = AppIcon;
				ASSETCATALOG_COMPILER_GLOBAL_ACCENT_COLOR_NAME = AccentColor;
				CODE_SIGN_STYLE = Automatic;
				CURRENT_PROJECT_VERSION = 1;
				DEVELOPMENT_TEAM = S642X6NN3X;
				ENABLE_PREVIEWS = YES;
				GENERATE_INFOPLIST_FILE = YES;
				INFOPLIST_KEY_UIApplicationSceneManifest_Generation = YES;
				INFOPLIST_KEY_UIApplicationSupportsIndirectInputEvents = YES;
				INFOPLIST_KEY_UILaunchScreen_Generation = YES;
				INFOPLIST_KEY_UISupportedInterfaceOrientations_iPad = "UIInterfaceOrientationPortrait UIInterfaceOrientationPortraitUpsideDown UIInterfaceOrientationLandscapeLeft UIInterfaceOrientationLandscapeRight";
				INFOPLIST_KEY_UISupportedInterfaceOrientations_iPhone = "UIInterfaceOrientationPortrait UIInterfaceOrientationLandscapeLeft UIInterfaceOrientationLandscapeRight";
				IPHONEOS_DEPLOYMENT_TARGET = 15.5;
				LD_RUNPATH_SEARCH_PATHS = (
					"$(inherited)",
					"@executable_path/Frameworks",
				);
				MARKETING_VERSION = 1.0;
				PRODUCT_BUNDLE_IDENTIFIER = com.talspektor.PomodoroTimer;
				PRODUCT_NAME = PomodoroTimer;
				SDKROOT = iphoneos;
				SWIFT_EMIT_LOC_STRINGS = YES;
				SWIFT_VERSION = 5.0;
				TARGETED_DEVICE_FAMILY = "1,2";
				VALIDATE_PRODUCT = YES;
			};
			name = Release;
		};
		E22300D628B79885006E64A1 /* Debug */ = {
			isa = XCBuildConfiguration;
			buildSettings = {
				ASSETCATALOG_COMPILER_APPICON_NAME = AppIcon;
				ASSETCATALOG_COMPILER_GLOBAL_ACCENT_COLOR_NAME = AccentColor;
				CODE_SIGN_ENTITLEMENTS = macOS/macOS.entitlements;
				CODE_SIGN_STYLE = Automatic;
				COMBINE_HIDPI_IMAGES = YES;
				CURRENT_PROJECT_VERSION = 1;
				DEVELOPMENT_TEAM = S642X6NN3X;
				ENABLE_HARDENED_RUNTIME = YES;
				ENABLE_PREVIEWS = YES;
				GENERATE_INFOPLIST_FILE = YES;
				INFOPLIST_KEY_NSHumanReadableCopyright = "";
				LD_RUNPATH_SEARCH_PATHS = (
					"$(inherited)",
					"@executable_path/../Frameworks",
				);
				MACOSX_DEPLOYMENT_TARGET = 12.3;
				MARKETING_VERSION = 1.0;
				PRODUCT_BUNDLE_IDENTIFIER = com.talspektor.PomodoroTimer;
				PRODUCT_NAME = PomodoroTimer;
				SDKROOT = macosx;
				SWIFT_EMIT_LOC_STRINGS = YES;
				SWIFT_VERSION = 5.0;
			};
			name = Debug;
		};
		E22300D728B79885006E64A1 /* Release */ = {
			isa = XCBuildConfiguration;
			buildSettings = {
				ASSETCATALOG_COMPILER_APPICON_NAME = AppIcon;
				ASSETCATALOG_COMPILER_GLOBAL_ACCENT_COLOR_NAME = AccentColor;
				CODE_SIGN_ENTITLEMENTS = macOS/macOS.entitlements;
				CODE_SIGN_STYLE = Automatic;
				COMBINE_HIDPI_IMAGES = YES;
				CURRENT_PROJECT_VERSION = 1;
				DEVELOPMENT_TEAM = S642X6NN3X;
				ENABLE_HARDENED_RUNTIME = YES;
				ENABLE_PREVIEWS = YES;
				GENERATE_INFOPLIST_FILE = YES;
				INFOPLIST_KEY_NSHumanReadableCopyright = "";
				LD_RUNPATH_SEARCH_PATHS = (
					"$(inherited)",
					"@executable_path/../Frameworks",
				);
				MACOSX_DEPLOYMENT_TARGET = 12.3;
				MARKETING_VERSION = 1.0;
				PRODUCT_BUNDLE_IDENTIFIER = com.talspektor.PomodoroTimer;
				PRODUCT_NAME = PomodoroTimer;
				SDKROOT = macosx;
				SWIFT_EMIT_LOC_STRINGS = YES;
				SWIFT_VERSION = 5.0;
			};
			name = Release;
		};
		E22300D928B79885006E64A1 /* Debug */ = {
			isa = XCBuildConfiguration;
			buildSettings = {
				ALWAYS_EMBED_SWIFT_STANDARD_LIBRARIES = YES;
				CODE_SIGN_STYLE = Automatic;
				CURRENT_PROJECT_VERSION = 1;
				DEVELOPMENT_TEAM = S642X6NN3X;
				GENERATE_INFOPLIST_FILE = YES;
				IPHONEOS_DEPLOYMENT_TARGET = 15.5;
				MARKETING_VERSION = 1.0;
				PRODUCT_BUNDLE_IDENTIFIER = "com.talspektor.Tests-iOS";
				PRODUCT_NAME = "$(TARGET_NAME)";
				SDKROOT = iphoneos;
				SWIFT_EMIT_LOC_STRINGS = NO;
				SWIFT_VERSION = 5.0;
				TARGETED_DEVICE_FAMILY = "1,2";
				TEST_TARGET_NAME = "PomodoroTimer (iOS)";
			};
			name = Debug;
		};
		E22300DA28B79885006E64A1 /* Release */ = {
			isa = XCBuildConfiguration;
			buildSettings = {
				ALWAYS_EMBED_SWIFT_STANDARD_LIBRARIES = YES;
				CODE_SIGN_STYLE = Automatic;
				CURRENT_PROJECT_VERSION = 1;
				DEVELOPMENT_TEAM = S642X6NN3X;
				GENERATE_INFOPLIST_FILE = YES;
				IPHONEOS_DEPLOYMENT_TARGET = 15.5;
				MARKETING_VERSION = 1.0;
				PRODUCT_BUNDLE_IDENTIFIER = "com.talspektor.Tests-iOS";
				PRODUCT_NAME = "$(TARGET_NAME)";
				SDKROOT = iphoneos;
				SWIFT_EMIT_LOC_STRINGS = NO;
				SWIFT_VERSION = 5.0;
				TARGETED_DEVICE_FAMILY = "1,2";
				TEST_TARGET_NAME = "PomodoroTimer (iOS)";
				VALIDATE_PRODUCT = YES;
			};
			name = Release;
		};
		E22300DC28B79885006E64A1 /* Debug */ = {
			isa = XCBuildConfiguration;
			buildSettings = {
				ALWAYS_EMBED_SWIFT_STANDARD_LIBRARIES = YES;
				CODE_SIGN_STYLE = Automatic;
				CURRENT_PROJECT_VERSION = 1;
				DEVELOPMENT_TEAM = S642X6NN3X;
				GENERATE_INFOPLIST_FILE = YES;
				MACOSX_DEPLOYMENT_TARGET = 12.3;
				MARKETING_VERSION = 1.0;
				PRODUCT_BUNDLE_IDENTIFIER = "com.talspektor.Tests-macOS";
				PRODUCT_NAME = "$(TARGET_NAME)";
				SDKROOT = macosx;
				SWIFT_EMIT_LOC_STRINGS = NO;
				SWIFT_VERSION = 5.0;
				TEST_TARGET_NAME = "PomodoroTimer (macOS)";
			};
			name = Debug;
		};
		E22300DD28B79885006E64A1 /* Release */ = {
			isa = XCBuildConfiguration;
			buildSettings = {
				ALWAYS_EMBED_SWIFT_STANDARD_LIBRARIES = YES;
				CODE_SIGN_STYLE = Automatic;
				CURRENT_PROJECT_VERSION = 1;
				DEVELOPMENT_TEAM = S642X6NN3X;
				GENERATE_INFOPLIST_FILE = YES;
				MACOSX_DEPLOYMENT_TARGET = 12.3;
				MARKETING_VERSION = 1.0;
				PRODUCT_BUNDLE_IDENTIFIER = "com.talspektor.Tests-macOS";
				PRODUCT_NAME = "$(TARGET_NAME)";
				SDKROOT = macosx;
				SWIFT_EMIT_LOC_STRINGS = NO;
				SWIFT_VERSION = 5.0;
				TEST_TARGET_NAME = "PomodoroTimer (macOS)";
			};
			name = Release;
		};
/* End XCBuildConfiguration section */

/* Begin XCConfigurationList section */
		E22300A028B79884006E64A1 /* Build configuration list for PBXProject "PomodoroTimer" */ = {
			isa = XCConfigurationList;
			buildConfigurations = (
				E22300D028B79885006E64A1 /* Debug */,
				E22300D128B79885006E64A1 /* Release */,
			);
			defaultConfigurationIsVisible = 0;
			defaultConfigurationName = Release;
		};
		E22300D228B79885006E64A1 /* Build configuration list for PBXNativeTarget "PomodoroTimer (iOS)" */ = {
			isa = XCConfigurationList;
			buildConfigurations = (
				E22300D328B79885006E64A1 /* Debug */,
				E22300D428B79885006E64A1 /* Release */,
			);
			defaultConfigurationIsVisible = 0;
			defaultConfigurationName = Release;
		};
		E22300D528B79885006E64A1 /* Build configuration list for PBXNativeTarget "PomodoroTimer (macOS)" */ = {
			isa = XCConfigurationList;
			buildConfigurations = (
				E22300D628B79885006E64A1 /* Debug */,
				E22300D728B79885006E64A1 /* Release */,
			);
			defaultConfigurationIsVisible = 0;
			defaultConfigurationName = Release;
		};
		E22300D828B79885006E64A1 /* Build configuration list for PBXNativeTarget "Tests iOS" */ = {
			isa = XCConfigurationList;
			buildConfigurations = (
				E22300D928B79885006E64A1 /* Debug */,
				E22300DA28B79885006E64A1 /* Release */,
			);
			defaultConfigurationIsVisible = 0;
			defaultConfigurationName = Release;
		};
		E22300DB28B79885006E64A1 /* Build configuration list for PBXNativeTarget "Tests macOS" */ = {
			isa = XCConfigurationList;
			buildConfigurations = (
				E22300DC28B79885006E64A1 /* Debug */,
				E22300DD28B79885006E64A1 /* Release */,
			);
			defaultConfigurationIsVisible = 0;
			defaultConfigurationName = Release;
		};
/* End XCConfigurationList section */
	};
	rootObject = E223009D28B79884006E64A1 /* Project object */;
}
