// !$*UTF8*$!
{
	archiveVersion = 1;
	classes = {
	};
	objectVersion = 55;
	objects = {

/* Begin PBXBuildFile section */
		E231F4FA28B0254C005363A1 /* Tests_iOS.swift in Sources */ = {isa = PBXBuildFile; fileRef = E231F4F928B0254C005363A1 /* Tests_iOS.swift */; };
		E231F4FC28B0254C005363A1 /* Tests_iOSLaunchTests.swift in Sources */ = {isa = PBXBuildFile; fileRef = E231F4FB28B0254C005363A1 /* Tests_iOSLaunchTests.swift */; };
		E231F50628B0254C005363A1 /* Tests_macOS.swift in Sources */ = {isa = PBXBuildFile; fileRef = E231F50528B0254C005363A1 /* Tests_macOS.swift */; };
		E231F50828B0254C005363A1 /* Tests_macOSLaunchTests.swift in Sources */ = {isa = PBXBuildFile; fileRef = E231F50728B0254C005363A1 /* Tests_macOSLaunchTests.swift */; };
		E231F50928B0254C005363A1 /* PopupImagePickerApp.swift in Sources */ = {isa = PBXBuildFile; fileRef = E231F4E128B0254B005363A1 /* PopupImagePickerApp.swift */; };
		E231F50A28B0254C005363A1 /* PopupImagePickerApp.swift in Sources */ = {isa = PBXBuildFile; fileRef = E231F4E128B0254B005363A1 /* PopupImagePickerApp.swift */; };
		E231F50B28B0254C005363A1 /* ContentView.swift in Sources */ = {isa = PBXBuildFile; fileRef = E231F4E228B0254B005363A1 /* ContentView.swift */; };
		E231F50C28B0254C005363A1 /* ContentView.swift in Sources */ = {isa = PBXBuildFile; fileRef = E231F4E228B0254B005363A1 /* ContentView.swift */; };
		E231F50D28B0254C005363A1 /* Assets.xcassets in Resources */ = {isa = PBXBuildFile; fileRef = E231F4E328B0254C005363A1 /* Assets.xcassets */; };
		E231F50E28B0254C005363A1 /* Assets.xcassets in Resources */ = {isa = PBXBuildFile; fileRef = E231F4E328B0254C005363A1 /* Assets.xcassets */; };
		E231F51F28B025A7005363A1 /* PoupImagePickerView.swift in Sources */ = {isa = PBXBuildFile; fileRef = E231F51E28B025A7005363A1 /* PoupImagePickerView.swift */; };
		E231F52028B025A7005363A1 /* PoupImagePickerView.swift in Sources */ = {isa = PBXBuildFile; fileRef = E231F51E28B025A7005363A1 /* PoupImagePickerView.swift */; };
		E231F52328B025C6005363A1 /* ImageAsset.swift in Sources */ = {isa = PBXBuildFile; fileRef = E231F52228B025C6005363A1 /* ImageAsset.swift */; };
		E231F52428B025C6005363A1 /* ImageAsset.swift in Sources */ = {isa = PBXBuildFile; fileRef = E231F52228B025C6005363A1 /* ImageAsset.swift */; };
		E231F52728B026B1005363A1 /* ImagePickerViewModel.swift in Sources */ = {isa = PBXBuildFile; fileRef = E231F52628B026B1005363A1 /* ImagePickerViewModel.swift */; };
		E231F52828B026B1005363A1 /* ImagePickerViewModel.swift in Sources */ = {isa = PBXBuildFile; fileRef = E231F52628B026B1005363A1 /* ImagePickerViewModel.swift */; };
		E231F52B28B0357B005363A1 /* Extensions.swift in Sources */ = {isa = PBXBuildFile; fileRef = E231F52A28B0357B005363A1 /* Extensions.swift */; };
		E231F52C28B0357B005363A1 /* Extensions.swift in Sources */ = {isa = PBXBuildFile; fileRef = E231F52A28B0357B005363A1 /* Extensions.swift */; };
/* End PBXBuildFile section */

/* Begin PBXContainerItemProxy section */
		E231F4F628B0254C005363A1 /* PBXContainerItemProxy */ = {
			isa = PBXContainerItemProxy;
			containerPortal = E231F4DC28B0254B005363A1 /* Project object */;
			proxyType = 1;
			remoteGlobalIDString = E231F4E728B0254C005363A1;
			remoteInfo = "PopupImagePicker (iOS)";
		};
		E231F50228B0254C005363A1 /* PBXContainerItemProxy */ = {
			isa = PBXContainerItemProxy;
			containerPortal = E231F4DC28B0254B005363A1 /* Project object */;
			proxyType = 1;
			remoteGlobalIDString = E231F4ED28B0254C005363A1;
			remoteInfo = "PopupImagePicker (macOS)";
		};
/* End PBXContainerItemProxy section */

/* Begin PBXFileReference section */
		E231F4E128B0254B005363A1 /* PopupImagePickerApp.swift */ = {isa = PBXFileReference; lastKnownFileType = sourcecode.swift; path = PopupImagePickerApp.swift; sourceTree = "<group>"; };
		E231F4E228B0254B005363A1 /* ContentView.swift */ = {isa = PBXFileReference; lastKnownFileType = sourcecode.swift; path = ContentView.swift; sourceTree = "<group>"; };
		E231F4E328B0254C005363A1 /* Assets.xcassets */ = {isa = PBXFileReference; lastKnownFileType = folder.assetcatalog; path = Assets.xcassets; sourceTree = "<group>"; };
		E231F4E828B0254C005363A1 /* PopupImagePicker.app */ = {isa = PBXFileReference; explicitFileType = wrapper.application; includeInIndex = 0; path = PopupImagePicker.app; sourceTree = BUILT_PRODUCTS_DIR; };
		E231F4EE28B0254C005363A1 /* PopupImagePicker.app */ = {isa = PBXFileReference; explicitFileType = wrapper.application; includeInIndex = 0; path = PopupImagePicker.app; sourceTree = BUILT_PRODUCTS_DIR; };
		E231F4F028B0254C005363A1 /* macOS.entitlements */ = {isa = PBXFileReference; lastKnownFileType = text.plist.entitlements; path = macOS.entitlements; sourceTree = "<group>"; };
		E231F4F528B0254C005363A1 /* Tests iOS.xctest */ = {isa = PBXFileReference; explicitFileType = wrapper.cfbundle; includeInIndex = 0; path = "Tests iOS.xctest"; sourceTree = BUILT_PRODUCTS_DIR; };
		E231F4F928B0254C005363A1 /* Tests_iOS.swift */ = {isa = PBXFileReference; lastKnownFileType = sourcecode.swift; path = Tests_iOS.swift; sourceTree = "<group>"; };
		E231F4FB28B0254C005363A1 /* Tests_iOSLaunchTests.swift */ = {isa = PBXFileReference; lastKnownFileType = sourcecode.swift; path = Tests_iOSLaunchTests.swift; sourceTree = "<group>"; };
		E231F50128B0254C005363A1 /* Tests macOS.xctest */ = {isa = PBXFileReference; explicitFileType = wrapper.cfbundle; includeInIndex = 0; path = "Tests macOS.xctest"; sourceTree = BUILT_PRODUCTS_DIR; };
		E231F50528B0254C005363A1 /* Tests_macOS.swift */ = {isa = PBXFileReference; lastKnownFileType = sourcecode.swift; path = Tests_macOS.swift; sourceTree = "<group>"; };
		E231F50728B0254C005363A1 /* Tests_macOSLaunchTests.swift */ = {isa = PBXFileReference; lastKnownFileType = sourcecode.swift; path = Tests_macOSLaunchTests.swift; sourceTree = "<group>"; };
		E231F51E28B025A7005363A1 /* PoupImagePickerView.swift */ = {isa = PBXFileReference; lastKnownFileType = sourcecode.swift; path = PoupImagePickerView.swift; sourceTree = "<group>"; };
		E231F52228B025C6005363A1 /* ImageAsset.swift */ = {isa = PBXFileReference; lastKnownFileType = sourcecode.swift; path = ImageAsset.swift; sourceTree = "<group>"; };
		E231F52628B026B1005363A1 /* ImagePickerViewModel.swift */ = {isa = PBXFileReference; lastKnownFileType = sourcecode.swift; path = ImagePickerViewModel.swift; sourceTree = "<group>"; };
		E231F52A28B0357B005363A1 /* Extensions.swift */ = {isa = PBXFileReference; lastKnownFileType = sourcecode.swift; path = Extensions.swift; sourceTree = "<group>"; };
/* End PBXFileReference section */

/* Begin PBXFrameworksBuildPhase section */
		E231F4E528B0254C005363A1 /* Frameworks */ = {
			isa = PBXFrameworksBuildPhase;
			buildActionMask = 2147483647;
			files = (
			);
			runOnlyForDeploymentPostprocessing = 0;
		};
		E231F4EB28B0254C005363A1 /* Frameworks */ = {
			isa = PBXFrameworksBuildPhase;
			buildActionMask = 2147483647;
			files = (
			);
			runOnlyForDeploymentPostprocessing = 0;
		};
		E231F4F228B0254C005363A1 /* Frameworks */ = {
			isa = PBXFrameworksBuildPhase;
			buildActionMask = 2147483647;
			files = (
			);
			runOnlyForDeploymentPostprocessing = 0;
		};
		E231F4FE28B0254C005363A1 /* Frameworks */ = {
			isa = PBXFrameworksBuildPhase;
			buildActionMask = 2147483647;
			files = (
			);
			runOnlyForDeploymentPostprocessing = 0;
		};
/* End PBXFrameworksBuildPhase section */

/* Begin PBXGroup section */
		E231F4DB28B0254B005363A1 = {
			isa = PBXGroup;
			children = (
				E231F4E028B0254B005363A1 /* Shared */,
				E231F4EF28B0254C005363A1 /* macOS */,
				E231F4F828B0254C005363A1 /* Tests iOS */,
				E231F50428B0254C005363A1 /* Tests macOS */,
				E231F4E928B0254C005363A1 /* Products */,
			);
			sourceTree = "<group>";
		};
		E231F4E028B0254B005363A1 /* Shared */ = {
			isa = PBXGroup;
			children = (
				E231F52928B0356B005363A1 /* Helpers */,
				E231F52528B02690005363A1 /* ViewModel */,
				E231F52128B025B0005363A1 /* Model */,
				E231F51D28B02595005363A1 /* View */,
				E231F4E128B0254B005363A1 /* PopupImagePickerApp.swift */,
				E231F4E228B0254B005363A1 /* ContentView.swift */,
				E231F4E328B0254C005363A1 /* Assets.xcassets */,
			);
			path = Shared;
			sourceTree = "<group>";
		};
		E231F4E928B0254C005363A1 /* Products */ = {
			isa = PBXGroup;
			children = (
				E231F4E828B0254C005363A1 /* PopupImagePicker.app */,
				E231F4EE28B0254C005363A1 /* PopupImagePicker.app */,
				E231F4F528B0254C005363A1 /* Tests iOS.xctest */,
				E231F50128B0254C005363A1 /* Tests macOS.xctest */,
			);
			name = Products;
			sourceTree = "<group>";
		};
		E231F4EF28B0254C005363A1 /* macOS */ = {
			isa = PBXGroup;
			children = (
				E231F4F028B0254C005363A1 /* macOS.entitlements */,
			);
			path = macOS;
			sourceTree = "<group>";
		};
		E231F4F828B0254C005363A1 /* Tests iOS */ = {
			isa = PBXGroup;
			children = (
				E231F4F928B0254C005363A1 /* Tests_iOS.swift */,
				E231F4FB28B0254C005363A1 /* Tests_iOSLaunchTests.swift */,
			);
			path = "Tests iOS";
			sourceTree = "<group>";
		};
		E231F50428B0254C005363A1 /* Tests macOS */ = {
			isa = PBXGroup;
			children = (
				E231F50528B0254C005363A1 /* Tests_macOS.swift */,
				E231F50728B0254C005363A1 /* Tests_macOSLaunchTests.swift */,
			);
			path = "Tests macOS";
			sourceTree = "<group>";
		};
		E231F51D28B02595005363A1 /* View */ = {
			isa = PBXGroup;
			children = (
				E231F51E28B025A7005363A1 /* PoupImagePickerView.swift */,
			);
			path = View;
			sourceTree = "<group>";
		};
		E231F52128B025B0005363A1 /* Model */ = {
			isa = PBXGroup;
			children = (
				E231F52228B025C6005363A1 /* ImageAsset.swift */,
			);
			path = Model;
			sourceTree = "<group>";
		};
		E231F52528B02690005363A1 /* ViewModel */ = {
			isa = PBXGroup;
			children = (
				E231F52628B026B1005363A1 /* ImagePickerViewModel.swift */,
			);
			path = ViewModel;
			sourceTree = "<group>";
		};
		E231F52928B0356B005363A1 /* Helpers */ = {
			isa = PBXGroup;
			children = (
				E231F52A28B0357B005363A1 /* Extensions.swift */,
			);
			path = Helpers;
			sourceTree = "<group>";
		};
/* End PBXGroup section */

/* Begin PBXNativeTarget section */
		E231F4E728B0254C005363A1 /* PopupImagePicker (iOS) */ = {
			isa = PBXNativeTarget;
			buildConfigurationList = E231F51128B0254C005363A1 /* Build configuration list for PBXNativeTarget "PopupImagePicker (iOS)" */;
			buildPhases = (
				E231F4E428B0254C005363A1 /* Sources */,
				E231F4E528B0254C005363A1 /* Frameworks */,
				E231F4E628B0254C005363A1 /* Resources */,
			);
			buildRules = (
			);
			dependencies = (
			);
			name = "PopupImagePicker (iOS)";
			productName = "PopupImagePicker (iOS)";
			productReference = E231F4E828B0254C005363A1 /* PopupImagePicker.app */;
			productType = "com.apple.product-type.application";
		};
		E231F4ED28B0254C005363A1 /* PopupImagePicker (macOS) */ = {
			isa = PBXNativeTarget;
			buildConfigurationList = E231F51428B0254C005363A1 /* Build configuration list for PBXNativeTarget "PopupImagePicker (macOS)" */;
			buildPhases = (
				E231F4EA28B0254C005363A1 /* Sources */,
				E231F4EB28B0254C005363A1 /* Frameworks */,
				E231F4EC28B0254C005363A1 /* Resources */,
			);
			buildRules = (
			);
			dependencies = (
			);
			name = "PopupImagePicker (macOS)";
			productName = "PopupImagePicker (macOS)";
			productReference = E231F4EE28B0254C005363A1 /* PopupImagePicker.app */;
			productType = "com.apple.product-type.application";
		};
		E231F4F428B0254C005363A1 /* Tests iOS */ = {
			isa = PBXNativeTarget;
			buildConfigurationList = E231F51728B0254C005363A1 /* Build configuration list for PBXNativeTarget "Tests iOS" */;
			buildPhases = (
				E231F4F128B0254C005363A1 /* Sources */,
				E231F4F228B0254C005363A1 /* Frameworks */,
				E231F4F328B0254C005363A1 /* Resources */,
			);
			buildRules = (
			);
			dependencies = (
				E231F4F728B0254C005363A1 /* PBXTargetDependency */,
			);
			name = "Tests iOS";
			productName = "Tests iOS";
			productReference = E231F4F528B0254C005363A1 /* Tests iOS.xctest */;
			productType = "com.apple.product-type.bundle.ui-testing";
		};
		E231F50028B0254C005363A1 /* Tests macOS */ = {
			isa = PBXNativeTarget;
			buildConfigurationList = E231F51A28B0254C005363A1 /* Build configuration list for PBXNativeTarget "Tests macOS" */;
			buildPhases = (
				E231F4FD28B0254C005363A1 /* Sources */,
				E231F4FE28B0254C005363A1 /* Frameworks */,
				E231F4FF28B0254C005363A1 /* Resources */,
			);
			buildRules = (
			);
			dependencies = (
				E231F50328B0254C005363A1 /* PBXTargetDependency */,
			);
			name = "Tests macOS";
			productName = "Tests macOS";
			productReference = E231F50128B0254C005363A1 /* Tests macOS.xctest */;
			productType = "com.apple.product-type.bundle.ui-testing";
		};
/* End PBXNativeTarget section */

/* Begin PBXProject section */
		E231F4DC28B0254B005363A1 /* Project object */ = {
			isa = PBXProject;
			attributes = {
				BuildIndependentTargetsInParallel = 1;
				LastSwiftUpdateCheck = 1340;
				LastUpgradeCheck = 1340;
				TargetAttributes = {
					E231F4E728B0254C005363A1 = {
						CreatedOnToolsVersion = 13.4.1;
					};
					E231F4ED28B0254C005363A1 = {
						CreatedOnToolsVersion = 13.4.1;
					};
					E231F4F428B0254C005363A1 = {
						CreatedOnToolsVersion = 13.4.1;
						TestTargetID = E231F4E728B0254C005363A1;
					};
					E231F50028B0254C005363A1 = {
						CreatedOnToolsVersion = 13.4.1;
						TestTargetID = E231F4ED28B0254C005363A1;
					};
				};
			};
			buildConfigurationList = E231F4DF28B0254B005363A1 /* Build configuration list for PBXProject "PopupImagePicker" */;
			compatibilityVersion = "Xcode 13.0";
			developmentRegion = en;
			hasScannedForEncodings = 0;
			knownRegions = (
				en,
				Base,
			);
			mainGroup = E231F4DB28B0254B005363A1;
			productRefGroup = E231F4E928B0254C005363A1 /* Products */;
			projectDirPath = "";
			projectRoot = "";
			targets = (
				E231F4E728B0254C005363A1 /* PopupImagePicker (iOS) */,
				E231F4ED28B0254C005363A1 /* PopupImagePicker (macOS) */,
				E231F4F428B0254C005363A1 /* Tests iOS */,
				E231F50028B0254C005363A1 /* Tests macOS */,
			);
		};
/* End PBXProject section */

/* Begin PBXResourcesBuildPhase section */
		E231F4E628B0254C005363A1 /* Resources */ = {
			isa = PBXResourcesBuildPhase;
			buildActionMask = 2147483647;
			files = (
				E231F50D28B0254C005363A1 /* Assets.xcassets in Resources */,
			);
			runOnlyForDeploymentPostprocessing = 0;
		};
		E231F4EC28B0254C005363A1 /* Resources */ = {
			isa = PBXResourcesBuildPhase;
			buildActionMask = 2147483647;
			files = (
				E231F50E28B0254C005363A1 /* Assets.xcassets in Resources */,
			);
			runOnlyForDeploymentPostprocessing = 0;
		};
		E231F4F328B0254C005363A1 /* Resources */ = {
			isa = PBXResourcesBuildPhase;
			buildActionMask = 2147483647;
			files = (
			);
			runOnlyForDeploymentPostprocessing = 0;
		};
		E231F4FF28B0254C005363A1 /* Resources */ = {
			isa = PBXResourcesBuildPhase;
			buildActionMask = 2147483647;
			files = (
			);
			runOnlyForDeploymentPostprocessing = 0;
		};
/* End PBXResourcesBuildPhase section */

/* Begin PBXSourcesBuildPhase section */
		E231F4E428B0254C005363A1 /* Sources */ = {
			isa = PBXSourcesBuildPhase;
			buildActionMask = 2147483647;
			files = (
				E231F50B28B0254C005363A1 /* ContentView.swift in Sources */,
				E231F52B28B0357B005363A1 /* Extensions.swift in Sources */,
				E231F52728B026B1005363A1 /* ImagePickerViewModel.swift in Sources */,
				E231F51F28B025A7005363A1 /* PoupImagePickerView.swift in Sources */,
				E231F52328B025C6005363A1 /* ImageAsset.swift in Sources */,
				E231F50928B0254C005363A1 /* PopupImagePickerApp.swift in Sources */,
			);
			runOnlyForDeploymentPostprocessing = 0;
		};
		E231F4EA28B0254C005363A1 /* Sources */ = {
			isa = PBXSourcesBuildPhase;
			buildActionMask = 2147483647;
			files = (
				E231F50C28B0254C005363A1 /* ContentView.swift in Sources */,
				E231F52C28B0357B005363A1 /* Extensions.swift in Sources */,
				E231F52828B026B1005363A1 /* ImagePickerViewModel.swift in Sources */,
				E231F52028B025A7005363A1 /* PoupImagePickerView.swift in Sources */,
				E231F52428B025C6005363A1 /* ImageAsset.swift in Sources */,
				E231F50A28B0254C005363A1 /* PopupImagePickerApp.swift in Sources */,
			);
			runOnlyForDeploymentPostprocessing = 0;
		};
		E231F4F128B0254C005363A1 /* Sources */ = {
			isa = PBXSourcesBuildPhase;
			buildActionMask = 2147483647;
			files = (
				E231F4FC28B0254C005363A1 /* Tests_iOSLaunchTests.swift in Sources */,
				E231F4FA28B0254C005363A1 /* Tests_iOS.swift in Sources */,
			);
			runOnlyForDeploymentPostprocessing = 0;
		};
		E231F4FD28B0254C005363A1 /* Sources */ = {
			isa = PBXSourcesBuildPhase;
			buildActionMask = 2147483647;
			files = (
				E231F50828B0254C005363A1 /* Tests_macOSLaunchTests.swift in Sources */,
				E231F50628B0254C005363A1 /* Tests_macOS.swift in Sources */,
			);
			runOnlyForDeploymentPostprocessing = 0;
		};
/* End PBXSourcesBuildPhase section */

/* Begin PBXTargetDependency section */
		E231F4F728B0254C005363A1 /* PBXTargetDependency */ = {
			isa = PBXTargetDependency;
			target = E231F4E728B0254C005363A1 /* PopupImagePicker (iOS) */;
			targetProxy = E231F4F628B0254C005363A1 /* PBXContainerItemProxy */;
		};
		E231F50328B0254C005363A1 /* PBXTargetDependency */ = {
			isa = PBXTargetDependency;
			target = E231F4ED28B0254C005363A1 /* PopupImagePicker (macOS) */;
			targetProxy = E231F50228B0254C005363A1 /* PBXContainerItemProxy */;
		};
/* End PBXTargetDependency section */

/* Begin XCBuildConfiguration section */
		E231F50F28B0254C005363A1 /* Debug */ = {
			isa = XCBuildConfiguration;
			buildSettings = {
				ALWAYS_SEARCH_USER_PATHS = NO;
				CLANG_ANALYZER_NONNULL = YES;
				CLANG_ANALYZER_NUMBER_OBJECT_CONVERSION = YES_AGGRESSIVE;
				CLANG_CXX_LANGUAGE_STANDARD = "gnu++17";
				CLANG_ENABLE_MODULES = YES;
				CLANG_ENABLE_OBJC_ARC = YES;
				CLANG_ENABLE_OBJC_WEAK = YES;
				CLANG_WARN_BLOCK_CAPTURE_AUTORELEASING = YES;
				CLANG_WARN_BOOL_CONVERSION = YES;
				CLANG_WARN_COMMA = YES;
				CLANG_WARN_CONSTANT_CONVERSION = YES;
				CLANG_WARN_DEPRECATED_OBJC_IMPLEMENTATIONS = YES;
				CLANG_WARN_DIRECT_OBJC_ISA_USAGE = YES_ERROR;
				CLANG_WARN_DOCUMENTATION_COMMENTS = YES;
				CLANG_WARN_EMPTY_BODY = YES;
				CLANG_WARN_ENUM_CONVERSION = YES;
				CLANG_WARN_INFINITE_RECURSION = YES;
				CLANG_WARN_INT_CONVERSION = YES;
				CLANG_WARN_NON_LITERAL_NULL_CONVERSION = YES;
				CLANG_WARN_OBJC_IMPLICIT_RETAIN_SELF = YES;
				CLANG_WARN_OBJC_LITERAL_CONVERSION = YES;
				CLANG_WARN_OBJC_ROOT_CLASS = YES_ERROR;
				CLANG_WARN_QUOTED_INCLUDE_IN_FRAMEWORK_HEADER = YES;
				CLANG_WARN_RANGE_LOOP_ANALYSIS = YES;
				CLANG_WARN_STRICT_PROTOTYPES = YES;
				CLANG_WARN_SUSPICIOUS_MOVE = YES;
				CLANG_WARN_UNGUARDED_AVAILABILITY = YES_AGGRESSIVE;
				CLANG_WARN_UNREACHABLE_CODE = YES;
				CLANG_WARN__DUPLICATE_METHOD_MATCH = YES;
				COPY_PHASE_STRIP = NO;
				DEBUG_INFORMATION_FORMAT = dwarf;
				ENABLE_STRICT_OBJC_MSGSEND = YES;
				ENABLE_TESTABILITY = YES;
				GCC_C_LANGUAGE_STANDARD = gnu11;
				GCC_DYNAMIC_NO_PIC = NO;
				GCC_NO_COMMON_BLOCKS = YES;
				GCC_OPTIMIZATION_LEVEL = 0;
				GCC_PREPROCESSOR_DEFINITIONS = (
					"DEBUG=1",
					"$(inherited)",
				);
				GCC_WARN_64_TO_32_BIT_CONVERSION = YES;
				GCC_WARN_ABOUT_RETURN_TYPE = YES_ERROR;
				GCC_WARN_UNDECLARED_SELECTOR = YES;
				GCC_WARN_UNINITIALIZED_AUTOS = YES_AGGRESSIVE;
				GCC_WARN_UNUSED_FUNCTION = YES;
				GCC_WARN_UNUSED_VARIABLE = YES;
				MTL_ENABLE_DEBUG_INFO = INCLUDE_SOURCE;
				MTL_FAST_MATH = YES;
				ONLY_ACTIVE_ARCH = YES;
				SWIFT_ACTIVE_COMPILATION_CONDITIONS = DEBUG;
				SWIFT_OPTIMIZATION_LEVEL = "-Onone";
			};
			name = Debug;
		};
		E231F51028B0254C005363A1 /* Release */ = {
			isa = XCBuildConfiguration;
			buildSettings = {
				ALWAYS_SEARCH_USER_PATHS = NO;
				CLANG_ANALYZER_NONNULL = YES;
				CLANG_ANALYZER_NUMBER_OBJECT_CONVERSION = YES_AGGRESSIVE;
				CLANG_CXX_LANGUAGE_STANDARD = "gnu++17";
				CLANG_ENABLE_MODULES = YES;
				CLANG_ENABLE_OBJC_ARC = YES;
				CLANG_ENABLE_OBJC_WEAK = YES;
				CLANG_WARN_BLOCK_CAPTURE_AUTORELEASING = YES;
				CLANG_WARN_BOOL_CONVERSION = YES;
				CLANG_WARN_COMMA = YES;
				CLANG_WARN_CONSTANT_CONVERSION = YES;
				CLANG_WARN_DEPRECATED_OBJC_IMPLEMENTATIONS = YES;
				CLANG_WARN_DIRECT_OBJC_ISA_USAGE = YES_ERROR;
				CLANG_WARN_DOCUMENTATION_COMMENTS = YES;
				CLANG_WARN_EMPTY_BODY = YES;
				CLANG_WARN_ENUM_CONVERSION = YES;
				CLANG_WARN_INFINITE_RECURSION = YES;
				CLANG_WARN_INT_CONVERSION = YES;
				CLANG_WARN_NON_LITERAL_NULL_CONVERSION = YES;
				CLANG_WARN_OBJC_IMPLICIT_RETAIN_SELF = YES;
				CLANG_WARN_OBJC_LITERAL_CONVERSION = YES;
				CLANG_WARN_OBJC_ROOT_CLASS = YES_ERROR;
				CLANG_WARN_QUOTED_INCLUDE_IN_FRAMEWORK_HEADER = YES;
				CLANG_WARN_RANGE_LOOP_ANALYSIS = YES;
				CLANG_WARN_STRICT_PROTOTYPES = YES;
				CLANG_WARN_SUSPICIOUS_MOVE = YES;
				CLANG_WARN_UNGUARDED_AVAILABILITY = YES_AGGRESSIVE;
				CLANG_WARN_UNREACHABLE_CODE = YES;
				CLANG_WARN__DUPLICATE_METHOD_MATCH = YES;
				COPY_PHASE_STRIP = NO;
				DEBUG_INFORMATION_FORMAT = "dwarf-with-dsym";
				ENABLE_NS_ASSERTIONS = NO;
				ENABLE_STRICT_OBJC_MSGSEND = YES;
				GCC_C_LANGUAGE_STANDARD = gnu11;
				GCC_NO_COMMON_BLOCKS = YES;
				GCC_WARN_64_TO_32_BIT_CONVERSION = YES;
				GCC_WARN_ABOUT_RETURN_TYPE = YES_ERROR;
				GCC_WARN_UNDECLARED_SELECTOR = YES;
				GCC_WARN_UNINITIALIZED_AUTOS = YES_AGGRESSIVE;
				GCC_WARN_UNUSED_FUNCTION = YES;
				GCC_WARN_UNUSED_VARIABLE = YES;
				MTL_ENABLE_DEBUG_INFO = NO;
				MTL_FAST_MATH = YES;
				SWIFT_COMPILATION_MODE = wholemodule;
				SWIFT_OPTIMIZATION_LEVEL = "-O";
			};
			name = Release;
		};
		E231F51228B0254C005363A1 /* Debug */ = {
			isa = XCBuildConfiguration;
			buildSettings = {
				ASSETCATALOG_COMPILER_APPICON_NAME = AppIcon;
				ASSETCATALOG_COMPILER_GLOBAL_ACCENT_COLOR_NAME = AccentColor;
				CODE_SIGN_STYLE = Automatic;
				CURRENT_PROJECT_VERSION = 1;
				DEVELOPMENT_TEAM = S642X6NN3X;
				ENABLE_PREVIEWS = YES;
				GENERATE_INFOPLIST_FILE = YES;
				INFOPLIST_KEY_NSPhotoLibraryUsageDescription = "Allow Access";
				INFOPLIST_KEY_UIApplicationSceneManifest_Generation = YES;
				INFOPLIST_KEY_UIApplicationSupportsIndirectInputEvents = YES;
				INFOPLIST_KEY_UILaunchScreen_Generation = YES;
				INFOPLIST_KEY_UISupportedInterfaceOrientations_iPad = "UIInterfaceOrientationPortrait UIInterfaceOrientationPortraitUpsideDown UIInterfaceOrientationLandscapeLeft UIInterfaceOrientationLandscapeRight";
				INFOPLIST_KEY_UISupportedInterfaceOrientations_iPhone = "UIInterfaceOrientationPortrait UIInterfaceOrientationLandscapeLeft UIInterfaceOrientationLandscapeRight";
				IPHONEOS_DEPLOYMENT_TARGET = 15.5;
				LD_RUNPATH_SEARCH_PATHS = (
					"$(inherited)",
					"@executable_path/Frameworks",
				);
				MARKETING_VERSION = 1.0;
				PRODUCT_BUNDLE_IDENTIFIER = com.talspektor.PopupImagePicker;
				PRODUCT_NAME = PopupImagePicker;
				SDKROOT = iphoneos;
				SWIFT_EMIT_LOC_STRINGS = YES;
				SWIFT_VERSION = 5.0;
				TARGETED_DEVICE_FAMILY = "1,2";
			};
			name = Debug;
		};
		E231F51328B0254C005363A1 /* Release */ = {
			isa = XCBuildConfiguration;
			buildSettings = {
				ASSETCATALOG_COMPILER_APPICON_NAME = AppIcon;
				ASSETCATALOG_COMPILER_GLOBAL_ACCENT_COLOR_NAME = AccentColor;
				CODE_SIGN_STYLE = Automatic;
				CURRENT_PROJECT_VERSION = 1;
				DEVELOPMENT_TEAM = S642X6NN3X;
				ENABLE_PREVIEWS = YES;
				GENERATE_INFOPLIST_FILE = YES;
				INFOPLIST_KEY_NSPhotoLibraryUsageDescription = "Allow Access";
				INFOPLIST_KEY_UIApplicationSceneManifest_Generation = YES;
				INFOPLIST_KEY_UIApplicationSupportsIndirectInputEvents = YES;
				INFOPLIST_KEY_UILaunchScreen_Generation = YES;
				INFOPLIST_KEY_UISupportedInterfaceOrientations_iPad = "UIInterfaceOrientationPortrait UIInterfaceOrientationPortraitUpsideDown UIInterfaceOrientationLandscapeLeft UIInterfaceOrientationLandscapeRight";
				INFOPLIST_KEY_UISupportedInterfaceOrientations_iPhone = "UIInterfaceOrientationPortrait UIInterfaceOrientationLandscapeLeft UIInterfaceOrientationLandscapeRight";
				IPHONEOS_DEPLOYMENT_TARGET = 15.5;
				LD_RUNPATH_SEARCH_PATHS = (
					"$(inherited)",
					"@executable_path/Frameworks",
				);
				MARKETING_VERSION = 1.0;
				PRODUCT_BUNDLE_IDENTIFIER = com.talspektor.PopupImagePicker;
				PRODUCT_NAME = PopupImagePicker;
				SDKROOT = iphoneos;
				SWIFT_EMIT_LOC_STRINGS = YES;
				SWIFT_VERSION = 5.0;
				TARGETED_DEVICE_FAMILY = "1,2";
				VALIDATE_PRODUCT = YES;
			};
			name = Release;
		};
		E231F51528B0254C005363A1 /* Debug */ = {
			isa = XCBuildConfiguration;
			buildSettings = {
				ASSETCATALOG_COMPILER_APPICON_NAME = AppIcon;
				ASSETCATALOG_COMPILER_GLOBAL_ACCENT_COLOR_NAME = AccentColor;
				CODE_SIGN_ENTITLEMENTS = macOS/macOS.entitlements;
				CODE_SIGN_STYLE = Automatic;
				COMBINE_HIDPI_IMAGES = YES;
				CURRENT_PROJECT_VERSION = 1;
				DEVELOPMENT_TEAM = S642X6NN3X;
				ENABLE_HARDENED_RUNTIME = YES;
				ENABLE_PREVIEWS = YES;
				GENERATE_INFOPLIST_FILE = YES;
				INFOPLIST_KEY_NSHumanReadableCopyright = "";
				LD_RUNPATH_SEARCH_PATHS = (
					"$(inherited)",
					"@executable_path/../Frameworks",
				);
				MACOSX_DEPLOYMENT_TARGET = 12.3;
				MARKETING_VERSION = 1.0;
				PRODUCT_BUNDLE_IDENTIFIER = com.talspektor.PopupImagePicker;
				PRODUCT_NAME = PopupImagePicker;
				SDKROOT = macosx;
				SWIFT_EMIT_LOC_STRINGS = YES;
				SWIFT_VERSION = 5.0;
			};
			name = Debug;
		};
		E231F51628B0254C005363A1 /* Release */ = {
			isa = XCBuildConfiguration;
			buildSettings = {
				ASSETCATALOG_COMPILER_APPICON_NAME = AppIcon;
				ASSETCATALOG_COMPILER_GLOBAL_ACCENT_COLOR_NAME = AccentColor;
				CODE_SIGN_ENTITLEMENTS = macOS/macOS.entitlements;
				CODE_SIGN_STYLE = Automatic;
				COMBINE_HIDPI_IMAGES = YES;
				CURRENT_PROJECT_VERSION = 1;
				DEVELOPMENT_TEAM = S642X6NN3X;
				ENABLE_HARDENED_RUNTIME = YES;
				ENABLE_PREVIEWS = YES;
				GENERATE_INFOPLIST_FILE = YES;
				INFOPLIST_KEY_NSHumanReadableCopyright = "";
				LD_RUNPATH_SEARCH_PATHS = (
					"$(inherited)",
					"@executable_path/../Frameworks",
				);
				MACOSX_DEPLOYMENT_TARGET = 12.3;
				MARKETING_VERSION = 1.0;
				PRODUCT_BUNDLE_IDENTIFIER = com.talspektor.PopupImagePicker;
				PRODUCT_NAME = PopupImagePicker;
				SDKROOT = macosx;
				SWIFT_EMIT_LOC_STRINGS = YES;
				SWIFT_VERSION = 5.0;
			};
			name = Release;
		};
		E231F51828B0254C005363A1 /* Debug */ = {
			isa = XCBuildConfiguration;
			buildSettings = {
				ALWAYS_EMBED_SWIFT_STANDARD_LIBRARIES = YES;
				CODE_SIGN_STYLE = Automatic;
				CURRENT_PROJECT_VERSION = 1;
				DEVELOPMENT_TEAM = S642X6NN3X;
				GENERATE_INFOPLIST_FILE = YES;
				IPHONEOS_DEPLOYMENT_TARGET = 15.5;
				MARKETING_VERSION = 1.0;
				PRODUCT_BUNDLE_IDENTIFIER = "com.talspektor.Tests-iOS";
				PRODUCT_NAME = "$(TARGET_NAME)";
				SDKROOT = iphoneos;
				SWIFT_EMIT_LOC_STRINGS = NO;
				SWIFT_VERSION = 5.0;
				TARGETED_DEVICE_FAMILY = "1,2";
				TEST_TARGET_NAME = "PopupImagePicker (iOS)";
			};
			name = Debug;
		};
		E231F51928B0254C005363A1 /* Release */ = {
			isa = XCBuildConfiguration;
			buildSettings = {
				ALWAYS_EMBED_SWIFT_STANDARD_LIBRARIES = YES;
				CODE_SIGN_STYLE = Automatic;
				CURRENT_PROJECT_VERSION = 1;
				DEVELOPMENT_TEAM = S642X6NN3X;
				GENERATE_INFOPLIST_FILE = YES;
				IPHONEOS_DEPLOYMENT_TARGET = 15.5;
				MARKETING_VERSION = 1.0;
				PRODUCT_BUNDLE_IDENTIFIER = "com.talspektor.Tests-iOS";
				PRODUCT_NAME = "$(TARGET_NAME)";
				SDKROOT = iphoneos;
				SWIFT_EMIT_LOC_STRINGS = NO;
				SWIFT_VERSION = 5.0;
				TARGETED_DEVICE_FAMILY = "1,2";
				TEST_TARGET_NAME = "PopupImagePicker (iOS)";
				VALIDATE_PRODUCT = YES;
			};
			name = Release;
		};
		E231F51B28B0254C005363A1 /* Debug */ = {
			isa = XCBuildConfiguration;
			buildSettings = {
				ALWAYS_EMBED_SWIFT_STANDARD_LIBRARIES = YES;
				CODE_SIGN_STYLE = Automatic;
				CURRENT_PROJECT_VERSION = 1;
				DEVELOPMENT_TEAM = S642X6NN3X;
				GENERATE_INFOPLIST_FILE = YES;
				MACOSX_DEPLOYMENT_TARGET = 12.3;
				MARKETING_VERSION = 1.0;
				PRODUCT_BUNDLE_IDENTIFIER = "com.talspektor.Tests-macOS";
				PRODUCT_NAME = "$(TARGET_NAME)";
				SDKROOT = macosx;
				SWIFT_EMIT_LOC_STRINGS = NO;
				SWIFT_VERSION = 5.0;
				TEST_TARGET_NAME = "PopupImagePicker (macOS)";
			};
			name = Debug;
		};
		E231F51C28B0254C005363A1 /* Release */ = {
			isa = XCBuildConfiguration;
			buildSettings = {
				ALWAYS_EMBED_SWIFT_STANDARD_LIBRARIES = YES;
				CODE_SIGN_STYLE = Automatic;
				CURRENT_PROJECT_VERSION = 1;
				DEVELOPMENT_TEAM = S642X6NN3X;
				GENERATE_INFOPLIST_FILE = YES;
				MACOSX_DEPLOYMENT_TARGET = 12.3;
				MARKETING_VERSION = 1.0;
				PRODUCT_BUNDLE_IDENTIFIER = "com.talspektor.Tests-macOS";
				PRODUCT_NAME = "$(TARGET_NAME)";
				SDKROOT = macosx;
				SWIFT_EMIT_LOC_STRINGS = NO;
				SWIFT_VERSION = 5.0;
				TEST_TARGET_NAME = "PopupImagePicker (macOS)";
			};
			name = Release;
		};
/* End XCBuildConfiguration section */

/* Begin XCConfigurationList section */
		E231F4DF28B0254B005363A1 /* Build configuration list for PBXProject "PopupImagePicker" */ = {
			isa = XCConfigurationList;
			buildConfigurations = (
				E231F50F28B0254C005363A1 /* Debug */,
				E231F51028B0254C005363A1 /* Release */,
			);
			defaultConfigurationIsVisible = 0;
			defaultConfigurationName = Release;
		};
		E231F51128B0254C005363A1 /* Build configuration list for PBXNativeTarget "PopupImagePicker (iOS)" */ = {
			isa = XCConfigurationList;
			buildConfigurations = (
				E231F51228B0254C005363A1 /* Debug */,
				E231F51328B0254C005363A1 /* Release */,
			);
			defaultConfigurationIsVisible = 0;
			defaultConfigurationName = Release;
		};
		E231F51428B0254C005363A1 /* Build configuration list for PBXNativeTarget "PopupImagePicker (macOS)" */ = {
			isa = XCConfigurationList;
			buildConfigurations = (
				E231F51528B0254C005363A1 /* Debug */,
				E231F51628B0254C005363A1 /* Release */,
			);
			defaultConfigurationIsVisible = 0;
			defaultConfigurationName = Release;
		};
		E231F51728B0254C005363A1 /* Build configuration list for PBXNativeTarget "Tests iOS" */ = {
			isa = XCConfigurationList;
			buildConfigurations = (
				E231F51828B0254C005363A1 /* Debug */,
				E231F51928B0254C005363A1 /* Release */,
			);
			defaultConfigurationIsVisible = 0;
			defaultConfigurationName = Release;
		};
		E231F51A28B0254C005363A1 /* Build configuration list for PBXNativeTarget "Tests macOS" */ = {
			isa = XCConfigurationList;
			buildConfigurations = (
				E231F51B28B0254C005363A1 /* Debug */,
				E231F51C28B0254C005363A1 /* Release */,
			);
			defaultConfigurationIsVisible = 0;
			defaultConfigurationName = Release;
		};
/* End XCConfigurationList section */
	};
	rootObject = E231F4DC28B0254B005363A1 /* Project object */;
}
