// !$*UTF8*$!
{
	archiveVersion = 1;
	classes = {
	};
	objectVersion = 55;
	objects = {

/* Begin PBXBuildFile section */
		E2C1D4B528C29D84002A8030 /* CryptoAppApp.swift in Sources */ = {isa = PBXBuildFile; fileRef = E2C1D4A528C29D83002A8030 /* CryptoAppApp.swift */; };
		E2C1D4B628C29D84002A8030 /* CryptoAppApp.swift in Sources */ = {isa = PBXBuildFile; fileRef = E2C1D4A528C29D83002A8030 /* CryptoAppApp.swift */; };
		E2C1D4B728C29D84002A8030 /* ContentView.swift in Sources */ = {isa = PBXBuildFile; fileRef = E2C1D4A628C29D83002A8030 /* ContentView.swift */; };
		E2C1D4B828C29D84002A8030 /* ContentView.swift in Sources */ = {isa = PBXBuildFile; fileRef = E2C1D4A628C29D83002A8030 /* ContentView.swift */; };
		E2C1D4B928C29D84002A8030 /* Assets.xcassets in Resources */ = {isa = PBXBuildFile; fileRef = E2C1D4A728C29D84002A8030 /* Assets.xcassets */; };
		E2C1D4BA28C29D84002A8030 /* Assets.xcassets in Resources */ = {isa = PBXBuildFile; fileRef = E2C1D4A728C29D84002A8030 /* Assets.xcassets */; };
		E2C1D4C528C29DB3002A8030 /* SDWebImageSwiftUI in Frameworks */ = {isa = PBXBuildFile; productRef = E2C1D4C428C29DB3002A8030 /* SDWebImageSwiftUI */; };
		E2C1D4CA28C29DEC002A8030 /* CryptoModel.swift in Sources */ = {isa = PBXBuildFile; fileRef = E2C1D4C928C29DEC002A8030 /* CryptoModel.swift */; };
		E2C1D4CC28C29E11002A8030 /* Home.swift in Sources */ = {isa = PBXBuildFile; fileRef = E2C1D4CB28C29E11002A8030 /* Home.swift */; };
		E2C1D4F928C3BD9F002A8030 /* LineGraph.swift in Sources */ = {isa = PBXBuildFile; fileRef = E2C1D4F828C3BD9F002A8030 /* LineGraph.swift */; };
		E2C1D4FB28C3BDEC002A8030 /* AppViewModel.swift in Sources */ = {isa = PBXBuildFile; fileRef = E2C1D4FA28C3BDEC002A8030 /* AppViewModel.swift */; };
/* End PBXBuildFile section */

/* Begin PBXFileReference section */
		E2C1D4A528C29D83002A8030 /* CryptoAppApp.swift */ = {isa = PBXFileReference; lastKnownFileType = sourcecode.swift; path = CryptoAppApp.swift; sourceTree = "<group>"; };
		E2C1D4A628C29D83002A8030 /* ContentView.swift */ = {isa = PBXFileReference; lastKnownFileType = sourcecode.swift; path = ContentView.swift; sourceTree = "<group>"; };
		E2C1D4A728C29D84002A8030 /* Assets.xcassets */ = {isa = PBXFileReference; lastKnownFileType = folder.assetcatalog; path = Assets.xcassets; sourceTree = "<group>"; };
		E2C1D4AC28C29D84002A8030 /* CryptoApp.app */ = {isa = PBXFileReference; explicitFileType = wrapper.application; includeInIndex = 0; path = CryptoApp.app; sourceTree = BUILT_PRODUCTS_DIR; };
		E2C1D4B228C29D84002A8030 /* CryptoApp.app */ = {isa = PBXFileReference; explicitFileType = wrapper.application; includeInIndex = 0; path = CryptoApp.app; sourceTree = BUILT_PRODUCTS_DIR; };
		E2C1D4B428C29D84002A8030 /* macOS.entitlements */ = {isa = PBXFileReference; lastKnownFileType = text.plist.entitlements; path = macOS.entitlements; sourceTree = "<group>"; };
		E2C1D4C928C29DEC002A8030 /* CryptoModel.swift */ = {isa = PBXFileReference; fileEncoding = 4; lastKnownFileType = sourcecode.swift; path = CryptoModel.swift; sourceTree = "<group>"; };
		E2C1D4CB28C29E11002A8030 /* Home.swift */ = {isa = PBXFileReference; lastKnownFileType = sourcecode.swift; path = Home.swift; sourceTree = "<group>"; };
		E2C1D4F828C3BD9F002A8030 /* LineGraph.swift */ = {isa = PBXFileReference; fileEncoding = 4; lastKnownFileType = sourcecode.swift; path = LineGraph.swift; sourceTree = "<group>"; };
		E2C1D4FA28C3BDEC002A8030 /* AppViewModel.swift */ = {isa = PBXFileReference; lastKnownFileType = sourcecode.swift; path = AppViewModel.swift; sourceTree = "<group>"; };
/* End PBXFileReference section */

/* Begin PBXFrameworksBuildPhase section */
		E2C1D4A928C29D84002A8030 /* Frameworks */ = {
			isa = PBXFrameworksBuildPhase;
			buildActionMask = 2147483647;
			files = (
				E2C1D4C528C29DB3002A8030 /* SDWebImageSwiftUI in Frameworks */,
			);
			runOnlyForDeploymentPostprocessing = 0;
		};
		E2C1D4AF28C29D84002A8030 /* Frameworks */ = {
			isa = PBXFrameworksBuildPhase;
			buildActionMask = 2147483647;
			files = (
			);
			runOnlyForDeploymentPostprocessing = 0;
		};
/* End PBXFrameworksBuildPhase section */

/* Begin PBXGroup section */
		E2C1D49F28C29D83002A8030 = {
			isa = PBXGroup;
			children = (
				E2C1D4A428C29D83002A8030 /* Shared */,
				E2C1D4B328C29D84002A8030 /* macOS */,
				E2C1D4AD28C29D84002A8030 /* Products */,
			);
			sourceTree = "<group>";
		};
		E2C1D4A428C29D83002A8030 /* Shared */ = {
			isa = PBXGroup;
			children = (
				E2C1D4C828C29DC8002A8030 /* ViewModel */,
				E2C1D4C728C29DC0002A8030 /* Model */,
				E2C1D4C628C29DBB002A8030 /* View */,
				E2C1D4A528C29D83002A8030 /* CryptoAppApp.swift */,
				E2C1D4A628C29D83002A8030 /* ContentView.swift */,
				E2C1D4A728C29D84002A8030 /* Assets.xcassets */,
			);
			path = Shared;
			sourceTree = "<group>";
		};
		E2C1D4AD28C29D84002A8030 /* Products */ = {
			isa = PBXGroup;
			children = (
				E2C1D4AC28C29D84002A8030 /* CryptoApp.app */,
				E2C1D4B228C29D84002A8030 /* CryptoApp.app */,
			);
			name = Products;
			sourceTree = "<group>";
		};
		E2C1D4B328C29D84002A8030 /* macOS */ = {
			isa = PBXGroup;
			children = (
				E2C1D4B428C29D84002A8030 /* macOS.entitlements */,
			);
			path = macOS;
			sourceTree = "<group>";
		};
		E2C1D4C628C29DBB002A8030 /* View */ = {
			isa = PBXGroup;
			children = (
				E2C1D4F828C3BD9F002A8030 /* LineGraph.swift */,
				E2C1D4CB28C29E11002A8030 /* Home.swift */,
			);
			path = View;
			sourceTree = "<group>";
		};
		E2C1D4C728C29DC0002A8030 /* Model */ = {
			isa = PBXGroup;
			children = (
				E2C1D4C928C29DEC002A8030 /* CryptoModel.swift */,
			);
			path = Model;
			sourceTree = "<group>";
		};
		E2C1D4C828C29DC8002A8030 /* ViewModel */ = {
			isa = PBXGroup;
			children = (
				E2C1D4FA28C3BDEC002A8030 /* AppViewModel.swift */,
			);
			path = ViewModel;
			sourceTree = "<group>";
		};
/* End PBXGroup section */

/* Begin PBXNativeTarget section */
		E2C1D4AB28C29D84002A8030 /* CryptoApp (iOS) */ = {
			isa = PBXNativeTarget;
			buildConfigurationList = E2C1D4BD28C29D84002A8030 /* Build configuration list for PBXNativeTarget "CryptoApp (iOS)" */;
			buildPhases = (
				E2C1D4A828C29D84002A8030 /* Sources */,
				E2C1D4A928C29D84002A8030 /* Frameworks */,
				E2C1D4AA28C29D84002A8030 /* Resources */,
			);
			buildRules = (
			);
			dependencies = (
			);
			name = "CryptoApp (iOS)";
			packageProductDependencies = (
				E2C1D4C428C29DB3002A8030 /* SDWebImageSwiftUI */,
			);
			productName = "CryptoApp (iOS)";
			productReference = E2C1D4AC28C29D84002A8030 /* CryptoApp.app */;
			productType = "com.apple.product-type.application";
		};
		E2C1D4B128C29D84002A8030 /* CryptoApp (macOS) */ = {
			isa = PBXNativeTarget;
			buildConfigurationList = E2C1D4C028C29D84002A8030 /* Build configuration list for PBXNativeTarget "CryptoApp (macOS)" */;
			buildPhases = (
				E2C1D4AE28C29D84002A8030 /* Sources */,
				E2C1D4AF28C29D84002A8030 /* Frameworks */,
				E2C1D4B028C29D84002A8030 /* Resources */,
			);
			buildRules = (
			);
			dependencies = (
			);
			name = "CryptoApp (macOS)";
			productName = "CryptoApp (macOS)";
			productReference = E2C1D4B228C29D84002A8030 /* CryptoApp.app */;
			productType = "com.apple.product-type.application";
		};
/* End PBXNativeTarget section */

/* Begin PBXProject section */
		E2C1D4A028C29D83002A8030 /* Project object */ = {
			isa = PBXProject;
			attributes = {
				BuildIndependentTargetsInParallel = 1;
				LastSwiftUpdateCheck = 1340;
				LastUpgradeCheck = 1340;
				TargetAttributes = {
					E2C1D4AB28C29D84002A8030 = {
						CreatedOnToolsVersion = 13.4.1;
					};
					E2C1D4B128C29D84002A8030 = {
						CreatedOnToolsVersion = 13.4.1;
					};
				};
			};
			buildConfigurationList = E2C1D4A328C29D83002A8030 /* Build configuration list for PBXProject "CryptoApp" */;
			compatibilityVersion = "Xcode 13.0";
			developmentRegion = en;
			hasScannedForEncodings = 0;
			knownRegions = (
				en,
				Base,
			);
			mainGroup = E2C1D49F28C29D83002A8030;
			packageReferences = (
				E2C1D4C328C29DB3002A8030 /* XCRemoteSwiftPackageReference "SDWebImageSwiftUI" */,
			);
			productRefGroup = E2C1D4AD28C29D84002A8030 /* Products */;
			projectDirPath = "";
			projectRoot = "";
			targets = (
				E2C1D4AB28C29D84002A8030 /* CryptoApp (iOS) */,
				E2C1D4B128C29D84002A8030 /* CryptoApp (macOS) */,
			);
		};
/* End PBXProject section */

/* Begin PBXResourcesBuildPhase section */
		E2C1D4AA28C29D84002A8030 /* Resources */ = {
			isa = PBXResourcesBuildPhase;
			buildActionMask = 2147483647;
			files = (
				E2C1D4B928C29D84002A8030 /* Assets.xcassets in Resources */,
			);
			runOnlyForDeploymentPostprocessing = 0;
		};
		E2C1D4B028C29D84002A8030 /* Resources */ = {
			isa = PBXResourcesBuildPhase;
			buildActionMask = 2147483647;
			files = (
				E2C1D4BA28C29D84002A8030 /* Assets.xcassets in Resources */,
			);
			runOnlyForDeploymentPostprocessing = 0;
		};
/* End PBXResourcesBuildPhase section */

/* Begin PBXSourcesBuildPhase section */
		E2C1D4A828C29D84002A8030 /* Sources */ = {
			isa = PBXSourcesBuildPhase;
			buildActionMask = 2147483647;
			files = (
				E2C1D4CA28C29DEC002A8030 /* CryptoModel.swift in Sources */,
				E2C1D4F928C3BD9F002A8030 /* LineGraph.swift in Sources */,
				E2C1D4FB28C3BDEC002A8030 /* AppViewModel.swift in Sources */,
				E2C1D4B728C29D84002A8030 /* ContentView.swift in Sources */,
				E2C1D4CC28C29E11002A8030 /* Home.swift in Sources */,
				E2C1D4B528C29D84002A8030 /* CryptoAppApp.swift in Sources */,
			);
			runOnlyForDeploymentPostprocessing = 0;
		};
		E2C1D4AE28C29D84002A8030 /* Sources */ = {
			isa = PBXSourcesBuildPhase;
			buildActionMask = 2147483647;
			files = (
				E2C1D4B828C29D84002A8030 /* ContentView.swift in Sources */,
				E2C1D4B628C29D84002A8030 /* CryptoAppApp.swift in Sources */,
			);
			runOnlyForDeploymentPostprocessing = 0;
		};
/* End PBXSourcesBuildPhase section */

/* Begin XCBuildConfiguration section */
		E2C1D4BB28C29D84002A8030 /* Debug */ = {
			isa = XCBuildConfiguration;
			buildSettings = {
				ALWAYS_SEARCH_USER_PATHS = NO;
				CLANG_ANALYZER_NONNULL = YES;
				CLANG_ANALYZER_NUMBER_OBJECT_CONVERSION = YES_AGGRESSIVE;
				CLANG_CXX_LANGUAGE_STANDARD = "gnu++17";
				CLANG_ENABLE_MODULES = YES;
				CLANG_ENABLE_OBJC_ARC = YES;
				CLANG_ENABLE_OBJC_WEAK = YES;
				CLANG_WARN_BLOCK_CAPTURE_AUTORELEASING = YES;
				CLANG_WARN_BOOL_CONVERSION = YES;
				CLANG_WARN_COMMA = YES;
				CLANG_WARN_CONSTANT_CONVERSION = YES;
				CLANG_WARN_DEPRECATED_OBJC_IMPLEMENTATIONS = YES;
				CLANG_WARN_DIRECT_OBJC_ISA_USAGE = YES_ERROR;
				CLANG_WARN_DOCUMENTATION_COMMENTS = YES;
				CLANG_WARN_EMPTY_BODY = YES;
				CLANG_WARN_ENUM_CONVERSION = YES;
				CLANG_WARN_INFINITE_RECURSION = YES;
				CLANG_WARN_INT_CONVERSION = YES;
				CLANG_WARN_NON_LITERAL_NULL_CONVERSION = YES;
				CLANG_WARN_OBJC_IMPLICIT_RETAIN_SELF = YES;
				CLANG_WARN_OBJC_LITERAL_CONVERSION = YES;
				CLANG_WARN_OBJC_ROOT_CLASS = YES_ERROR;
				CLANG_WARN_QUOTED_INCLUDE_IN_FRAMEWORK_HEADER = YES;
				CLANG_WARN_RANGE_LOOP_ANALYSIS = YES;
				CLANG_WARN_STRICT_PROTOTYPES = YES;
				CLANG_WARN_SUSPICIOUS_MOVE = YES;
				CLANG_WARN_UNGUARDED_AVAILABILITY = YES_AGGRESSIVE;
				CLANG_WARN_UNREACHABLE_CODE = YES;
				CLANG_WARN__DUPLICATE_METHOD_MATCH = YES;
				COPY_PHASE_STRIP = NO;
				DEBUG_INFORMATION_FORMAT = dwarf;
				ENABLE_STRICT_OBJC_MSGSEND = YES;
				ENABLE_TESTABILITY = YES;
				GCC_C_LANGUAGE_STANDARD = gnu11;
				GCC_DYNAMIC_NO_PIC = NO;
				GCC_NO_COMMON_BLOCKS = YES;
				GCC_OPTIMIZATION_LEVEL = 0;
				GCC_PREPROCESSOR_DEFINITIONS = (
					"DEBUG=1",
					"$(inherited)",
				);
				GCC_WARN_64_TO_32_BIT_CONVERSION = YES;
				GCC_WARN_ABOUT_RETURN_TYPE = YES_ERROR;
				GCC_WARN_UNDECLARED_SELECTOR = YES;
				GCC_WARN_UNINITIALIZED_AUTOS = YES_AGGRESSIVE;
				GCC_WARN_UNUSED_FUNCTION = YES;
				GCC_WARN_UNUSED_VARIABLE = YES;
				MTL_ENABLE_DEBUG_INFO = INCLUDE_SOURCE;
				MTL_FAST_MATH = YES;
				ONLY_ACTIVE_ARCH = YES;
				SWIFT_ACTIVE_COMPILATION_CONDITIONS = DEBUG;
				SWIFT_OPTIMIZATION_LEVEL = "-Onone";
			};
			name = Debug;
		};
		E2C1D4BC28C29D84002A8030 /* Release */ = {
			isa = XCBuildConfiguration;
			buildSettings = {
				ALWAYS_SEARCH_USER_PATHS = NO;
				CLANG_ANALYZER_NONNULL = YES;
				CLANG_ANALYZER_NUMBER_OBJECT_CONVERSION = YES_AGGRESSIVE;
				CLANG_CXX_LANGUAGE_STANDARD = "gnu++17";
				CLANG_ENABLE_MODULES = YES;
				CLANG_ENABLE_OBJC_ARC = YES;
				CLANG_ENABLE_OBJC_WEAK = YES;
				CLANG_WARN_BLOCK_CAPTURE_AUTORELEASING = YES;
				CLANG_WARN_BOOL_CONVERSION = YES;
				CLANG_WARN_COMMA = YES;
				CLANG_WARN_CONSTANT_CONVERSION = YES;
				CLANG_WARN_DEPRECATED_OBJC_IMPLEMENTATIONS = YES;
				CLANG_WARN_DIRECT_OBJC_ISA_USAGE = YES_ERROR;
				CLANG_WARN_DOCUMENTATION_COMMENTS = YES;
				CLANG_WARN_EMPTY_BODY = YES;
				CLANG_WARN_ENUM_CONVERSION = YES;
				CLANG_WARN_INFINITE_RECURSION = YES;
				CLANG_WARN_INT_CONVERSION = YES;
				CLANG_WARN_NON_LITERAL_NULL_CONVERSION = YES;
				CLANG_WARN_OBJC_IMPLICIT_RETAIN_SELF = YES;
				CLANG_WARN_OBJC_LITERAL_CONVERSION = YES;
				CLANG_WARN_OBJC_ROOT_CLASS = YES_ERROR;
				CLANG_WARN_QUOTED_INCLUDE_IN_FRAMEWORK_HEADER = YES;
				CLANG_WARN_RANGE_LOOP_ANALYSIS = YES;
				CLANG_WARN_STRICT_PROTOTYPES = YES;
				CLANG_WARN_SUSPICIOUS_MOVE = YES;
				CLANG_WARN_UNGUARDED_AVAILABILITY = YES_AGGRESSIVE;
				CLANG_WARN_UNREACHABLE_CODE = YES;
				CLANG_WARN__DUPLICATE_METHOD_MATCH = YES;
				COPY_PHASE_STRIP = NO;
				DEBUG_INFORMATION_FORMAT = "dwarf-with-dsym";
				ENABLE_NS_ASSERTIONS = NO;
				ENABLE_STRICT_OBJC_MSGSEND = YES;
				GCC_C_LANGUAGE_STANDARD = gnu11;
				GCC_NO_COMMON_BLOCKS = YES;
				GCC_WARN_64_TO_32_BIT_CONVERSION = YES;
				GCC_WARN_ABOUT_RETURN_TYPE = YES_ERROR;
				GCC_WARN_UNDECLARED_SELECTOR = YES;
				GCC_WARN_UNINITIALIZED_AUTOS = YES_AGGRESSIVE;
				GCC_WARN_UNUSED_FUNCTION = YES;
				GCC_WARN_UNUSED_VARIABLE = YES;
				MTL_ENABLE_DEBUG_INFO = NO;
				MTL_FAST_MATH = YES;
				SWIFT_COMPILATION_MODE = wholemodule;
				SWIFT_OPTIMIZATION_LEVEL = "-O";
			};
			name = Release;
		};
		E2C1D4BE28C29D84002A8030 /* Debug */ = {
			isa = XCBuildConfiguration;
			buildSettings = {
				ASSETCATALOG_COMPILER_APPICON_NAME = AppIcon;
				ASSETCATALOG_COMPILER_GLOBAL_ACCENT_COLOR_NAME = AccentColor;
				CODE_SIGN_STYLE = Automatic;
				CURRENT_PROJECT_VERSION = 1;
				DEVELOPMENT_TEAM = S642X6NN3X;
				ENABLE_PREVIEWS = YES;
				GENERATE_INFOPLIST_FILE = YES;
				INFOPLIST_KEY_UIApplicationSceneManifest_Generation = YES;
				INFOPLIST_KEY_UIApplicationSupportsIndirectInputEvents = YES;
				INFOPLIST_KEY_UILaunchScreen_Generation = YES;
				INFOPLIST_KEY_UISupportedInterfaceOrientations_iPad = "UIInterfaceOrientationPortrait UIInterfaceOrientationPortraitUpsideDown UIInterfaceOrientationLandscapeLeft UIInterfaceOrientationLandscapeRight";
				INFOPLIST_KEY_UISupportedInterfaceOrientations_iPhone = "UIInterfaceOrientationPortrait UIInterfaceOrientationLandscapeLeft UIInterfaceOrientationLandscapeRight";
				IPHONEOS_DEPLOYMENT_TARGET = 15.5;
				LD_RUNPATH_SEARCH_PATHS = (
					"$(inherited)",
					"@executable_path/Frameworks",
				);
				MARKETING_VERSION = 1.0;
				PRODUCT_BUNDLE_IDENTIFIER = com.talspektor.CryptoApp;
				PRODUCT_NAME = CryptoApp;
				SDKROOT = iphoneos;
				SWIFT_EMIT_LOC_STRINGS = YES;
				SWIFT_VERSION = 5.0;
				TARGETED_DEVICE_FAMILY = "1,2";
			};
			name = Debug;
		};
		E2C1D4BF28C29D84002A8030 /* Release */ = {
			isa = XCBuildConfiguration;
			buildSettings = {
				ASSETCATALOG_COMPILER_APPICON_NAME = AppIcon;
				ASSETCATALOG_COMPILER_GLOBAL_ACCENT_COLOR_NAME = AccentColor;
				CODE_SIGN_STYLE = Automatic;
				CURRENT_PROJECT_VERSION = 1;
				DEVELOPMENT_TEAM = S642X6NN3X;
				ENABLE_PREVIEWS = YES;
				GENERATE_INFOPLIST_FILE = YES;
				INFOPLIST_KEY_UIApplicationSceneManifest_Generation = YES;
				INFOPLIST_KEY_UIApplicationSupportsIndirectInputEvents = YES;
				INFOPLIST_KEY_UILaunchScreen_Generation = YES;
				INFOPLIST_KEY_UISupportedInterfaceOrientations_iPad = "UIInterfaceOrientationPortrait UIInterfaceOrientationPortraitUpsideDown UIInterfaceOrientationLandscapeLeft UIInterfaceOrientationLandscapeRight";
				INFOPLIST_KEY_UISupportedInterfaceOrientations_iPhone = "UIInterfaceOrientationPortrait UIInterfaceOrientationLandscapeLeft UIInterfaceOrientationLandscapeRight";
				IPHONEOS_DEPLOYMENT_TARGET = 15.5;
				LD_RUNPATH_SEARCH_PATHS = (
					"$(inherited)",
					"@executable_path/Frameworks",
				);
				MARKETING_VERSION = 1.0;
				PRODUCT_BUNDLE_IDENTIFIER = com.talspektor.CryptoApp;
				PRODUCT_NAME = CryptoApp;
				SDKROOT = iphoneos;
				SWIFT_EMIT_LOC_STRINGS = YES;
				SWIFT_VERSION = 5.0;
				TARGETED_DEVICE_FAMILY = "1,2";
				VALIDATE_PRODUCT = YES;
			};
			name = Release;
		};
		E2C1D4C128C29D84002A8030 /* Debug */ = {
			isa = XCBuildConfiguration;
			buildSettings = {
				ASSETCATALOG_COMPILER_APPICON_NAME = AppIcon;
				ASSETCATALOG_COMPILER_GLOBAL_ACCENT_COLOR_NAME = AccentColor;
				CODE_SIGN_ENTITLEMENTS = macOS/macOS.entitlements;
				CODE_SIGN_STYLE = Automatic;
				COMBINE_HIDPI_IMAGES = YES;
				CURRENT_PROJECT_VERSION = 1;
				DEVELOPMENT_TEAM = S642X6NN3X;
				ENABLE_HARDENED_RUNTIME = YES;
				ENABLE_PREVIEWS = YES;
				GENERATE_INFOPLIST_FILE = YES;
				INFOPLIST_KEY_NSHumanReadableCopyright = "";
				LD_RUNPATH_SEARCH_PATHS = (
					"$(inherited)",
					"@executable_path/../Frameworks",
				);
				MACOSX_DEPLOYMENT_TARGET = 12.3;
				MARKETING_VERSION = 1.0;
				PRODUCT_BUNDLE_IDENTIFIER = com.talspektor.CryptoApp;
				PRODUCT_NAME = CryptoApp;
				SDKROOT = macosx;
				SWIFT_EMIT_LOC_STRINGS = YES;
				SWIFT_VERSION = 5.0;
			};
			name = Debug;
		};
		E2C1D4C228C29D84002A8030 /* Release */ = {
			isa = XCBuildConfiguration;
			buildSettings = {
				ASSETCATALOG_COMPILER_APPICON_NAME = AppIcon;
				ASSETCATALOG_COMPILER_GLOBAL_ACCENT_COLOR_NAME = AccentColor;
				CODE_SIGN_ENTITLEMENTS = macOS/macOS.entitlements;
				CODE_SIGN_STYLE = Automatic;
				COMBINE_HIDPI_IMAGES = YES;
				CURRENT_PROJECT_VERSION = 1;
				DEVELOPMENT_TEAM = S642X6NN3X;
				ENABLE_HARDENED_RUNTIME = YES;
				ENABLE_PREVIEWS = YES;
				GENERATE_INFOPLIST_FILE = YES;
				INFOPLIST_KEY_NSHumanReadableCopyright = "";
				LD_RUNPATH_SEARCH_PATHS = (
					"$(inherited)",
					"@executable_path/../Frameworks",
				);
				MACOSX_DEPLOYMENT_TARGET = 12.3;
				MARKETING_VERSION = 1.0;
				PRODUCT_BUNDLE_IDENTIFIER = com.talspektor.CryptoApp;
				PRODUCT_NAME = CryptoApp;
				SDKROOT = macosx;
				SWIFT_EMIT_LOC_STRINGS = YES;
				SWIFT_VERSION = 5.0;
			};
			name = Release;
		};
/* End XCBuildConfiguration section */

/* Begin XCConfigurationList section */
		E2C1D4A328C29D83002A8030 /* Build configuration list for PBXProject "CryptoApp" */ = {
			isa = XCConfigurationList;
			buildConfigurations = (
				E2C1D4BB28C29D84002A8030 /* Debug */,
				E2C1D4BC28C29D84002A8030 /* Release */,
			);
			defaultConfigurationIsVisible = 0;
			defaultConfigurationName = Release;
		};
		E2C1D4BD28C29D84002A8030 /* Build configuration list for PBXNativeTarget "CryptoApp (iOS)" */ = {
			isa = XCConfigurationList;
			buildConfigurations = (
				E2C1D4BE28C29D84002A8030 /* Debug */,
				E2C1D4BF28C29D84002A8030 /* Release */,
			);
			defaultConfigurationIsVisible = 0;
			defaultConfigurationName = Release;
		};
		E2C1D4C028C29D84002A8030 /* Build configuration list for PBXNativeTarget "CryptoApp (macOS)" */ = {
			isa = XCConfigurationList;
			buildConfigurations = (
				E2C1D4C128C29D84002A8030 /* Debug */,
				E2C1D4C228C29D84002A8030 /* Release */,
			);
			defaultConfigurationIsVisible = 0;
			defaultConfigurationName = Release;
		};
/* End XCConfigurationList section */

/* Begin XCRemoteSwiftPackageReference section */
		E2C1D4C328C29DB3002A8030 /* XCRemoteSwiftPackageReference "SDWebImageSwiftUI" */ = {
			isa = XCRemoteSwiftPackageReference;
			repositoryURL = "https://github.com/SDWebImage/SDWebImageSwiftUI.git";
			requirement = {
				kind = upToNextMajorVersion;
				minimumVersion = 2.0.0;
			};
		};
/* End XCRemoteSwiftPackageReference section */

/* Begin XCSwiftPackageProductDependency section */
		E2C1D4C428C29DB3002A8030 /* SDWebImageSwiftUI */ = {
			isa = XCSwiftPackageProductDependency;
			package = E2C1D4C328C29DB3002A8030 /* XCRemoteSwiftPackageReference "SDWebImageSwiftUI" */;
			productName = SDWebImageSwiftUI;
		};
/* End XCSwiftPackageProductDependency section */
	};
	rootObject = E2C1D4A028C29D83002A8030 /* Project object */;
}
