// !$*UTF8*$!
{
	archiveVersion = 1;
	classes = {
	};
	objectVersion = 55;
	objects = {

/* Begin PBXBuildFile section */
		E2A061D328BB2BB3006191D4 /* Tests_iOS.swift in Sources */ = {isa = PBXBuildFile; fileRef = E2A061D228BB2BB3006191D4 /* Tests_iOS.swift */; };
		E2A061D528BB2BB3006191D4 /* Tests_iOSLaunchTests.swift in Sources */ = {isa = PBXBuildFile; fileRef = E2A061D428BB2BB3006191D4 /* Tests_iOSLaunchTests.swift */; };
		E2A061DF28BB2BB3006191D4 /* Tests_macOS.swift in Sources */ = {isa = PBXBuildFile; fileRef = E2A061DE28BB2BB3006191D4 /* Tests_macOS.swift */; };
		E2A061E128BB2BB3006191D4 /* Tests_macOSLaunchTests.swift in Sources */ = {isa = PBXBuildFile; fileRef = E2A061E028BB2BB3006191D4 /* Tests_macOSLaunchTests.swift */; };
		E2A061E228BB2BB3006191D4 /* TaskManagementCoreData.xcdatamodeld in Sources */ = {isa = PBXBuildFile; fileRef = E2A061B728BB2BB2006191D4 /* TaskManagementCoreData.xcdatamodeld */; };
		E2A061E328BB2BB3006191D4 /* TaskManagementCoreData.xcdatamodeld in Sources */ = {isa = PBXBuildFile; fileRef = E2A061B728BB2BB2006191D4 /* TaskManagementCoreData.xcdatamodeld */; };
		E2A061E428BB2BB3006191D4 /* TaskManagementCoreDataApp.swift in Sources */ = {isa = PBXBuildFile; fileRef = E2A061B928BB2BB2006191D4 /* TaskManagementCoreDataApp.swift */; };
		E2A061E528BB2BB3006191D4 /* TaskManagementCoreDataApp.swift in Sources */ = {isa = PBXBuildFile; fileRef = E2A061B928BB2BB2006191D4 /* TaskManagementCoreDataApp.swift */; };
		E2A061E628BB2BB3006191D4 /* ContentView.swift in Sources */ = {isa = PBXBuildFile; fileRef = E2A061BA28BB2BB2006191D4 /* ContentView.swift */; };
		E2A061E728BB2BB3006191D4 /* ContentView.swift in Sources */ = {isa = PBXBuildFile; fileRef = E2A061BA28BB2BB2006191D4 /* ContentView.swift */; };
		E2A061E828BB2BB3006191D4 /* Persistence.swift in Sources */ = {isa = PBXBuildFile; fileRef = E2A061BB28BB2BB2006191D4 /* Persistence.swift */; };
		E2A061E928BB2BB3006191D4 /* Persistence.swift in Sources */ = {isa = PBXBuildFile; fileRef = E2A061BB28BB2BB2006191D4 /* Persistence.swift */; };
		E2A061EA28BB2BB3006191D4 /* Assets.xcassets in Resources */ = {isa = PBXBuildFile; fileRef = E2A061BC28BB2BB3006191D4 /* Assets.xcassets */; };
		E2A061EB28BB2BB3006191D4 /* Assets.xcassets in Resources */ = {isa = PBXBuildFile; fileRef = E2A061BC28BB2BB3006191D4 /* Assets.xcassets */; };
		E2A061FD28BB2D5D006191D4 /* Home.swift in Sources */ = {isa = PBXBuildFile; fileRef = E2A061FC28BB2D5D006191D4 /* Home.swift */; };
		E2A061FF28BB2D77006191D4 /* TaskViewModel.swift in Sources */ = {isa = PBXBuildFile; fileRef = E2A061FE28BB2D77006191D4 /* TaskViewModel.swift */; };
		E2A0620128BB2DF9006191D4 /* NewTask.swift in Sources */ = {isa = PBXBuildFile; fileRef = E2A0620028BB2DF9006191D4 /* NewTask.swift */; };
		E2A0620328BB2E10006191D4 /* DynamicFilteredView.swift in Sources */ = {isa = PBXBuildFile; fileRef = E2A0620228BB2E10006191D4 /* DynamicFilteredView.swift */; };
/* End PBXBuildFile section */

/* Begin PBXContainerItemProxy section */
		E2A061CF28BB2BB3006191D4 /* PBXContainerItemProxy */ = {
			isa = PBXContainerItemProxy;
			containerPortal = E2A061B228BB2BB2006191D4 /* Project object */;
			proxyType = 1;
			remoteGlobalIDString = E2A061C028BB2BB3006191D4;
			remoteInfo = "TaskManagementCoreData (iOS)";
		};
		E2A061DB28BB2BB3006191D4 /* PBXContainerItemProxy */ = {
			isa = PBXContainerItemProxy;
			containerPortal = E2A061B228BB2BB2006191D4 /* Project object */;
			proxyType = 1;
			remoteGlobalIDString = E2A061C628BB2BB3006191D4;
			remoteInfo = "TaskManagementCoreData (macOS)";
		};
/* End PBXContainerItemProxy section */

/* Begin PBXFileReference section */
		E2A061B828BB2BB2006191D4 /* Shared.xcdatamodel */ = {isa = PBXFileReference; lastKnownFileType = wrapper.xcdatamodel; path = Shared.xcdatamodel; sourceTree = "<group>"; };
		E2A061B928BB2BB2006191D4 /* TaskManagementCoreDataApp.swift */ = {isa = PBXFileReference; lastKnownFileType = sourcecode.swift; path = TaskManagementCoreDataApp.swift; sourceTree = "<group>"; };
		E2A061BA28BB2BB2006191D4 /* ContentView.swift */ = {isa = PBXFileReference; lastKnownFileType = sourcecode.swift; path = ContentView.swift; sourceTree = "<group>"; };
		E2A061BB28BB2BB2006191D4 /* Persistence.swift */ = {isa = PBXFileReference; lastKnownFileType = sourcecode.swift; path = Persistence.swift; sourceTree = "<group>"; };
		E2A061BC28BB2BB3006191D4 /* Assets.xcassets */ = {isa = PBXFileReference; lastKnownFileType = folder.assetcatalog; path = Assets.xcassets; sourceTree = "<group>"; };
		E2A061C128BB2BB3006191D4 /* TaskManagementCoreData.app */ = {isa = PBXFileReference; explicitFileType = wrapper.application; includeInIndex = 0; path = TaskManagementCoreData.app; sourceTree = BUILT_PRODUCTS_DIR; };
		E2A061C728BB2BB3006191D4 /* TaskManagementCoreData.app */ = {isa = PBXFileReference; explicitFileType = wrapper.application; includeInIndex = 0; path = TaskManagementCoreData.app; sourceTree = BUILT_PRODUCTS_DIR; };
		E2A061C928BB2BB3006191D4 /* macOS.entitlements */ = {isa = PBXFileReference; lastKnownFileType = text.plist.entitlements; path = macOS.entitlements; sourceTree = "<group>"; };
		E2A061CE28BB2BB3006191D4 /* Tests iOS.xctest */ = {isa = PBXFileReference; explicitFileType = wrapper.cfbundle; includeInIndex = 0; path = "Tests iOS.xctest"; sourceTree = BUILT_PRODUCTS_DIR; };
		E2A061D228BB2BB3006191D4 /* Tests_iOS.swift */ = {isa = PBXFileReference; lastKnownFileType = sourcecode.swift; path = Tests_iOS.swift; sourceTree = "<group>"; };
		E2A061D428BB2BB3006191D4 /* Tests_iOSLaunchTests.swift */ = {isa = PBXFileReference; lastKnownFileType = sourcecode.swift; path = Tests_iOSLaunchTests.swift; sourceTree = "<group>"; };
		E2A061DA28BB2BB3006191D4 /* Tests macOS.xctest */ = {isa = PBXFileReference; explicitFileType = wrapper.cfbundle; includeInIndex = 0; path = "Tests macOS.xctest"; sourceTree = BUILT_PRODUCTS_DIR; };
		E2A061DE28BB2BB3006191D4 /* Tests_macOS.swift */ = {isa = PBXFileReference; lastKnownFileType = sourcecode.swift; path = Tests_macOS.swift; sourceTree = "<group>"; };
		E2A061E028BB2BB3006191D4 /* Tests_macOSLaunchTests.swift */ = {isa = PBXFileReference; lastKnownFileType = sourcecode.swift; path = Tests_macOSLaunchTests.swift; sourceTree = "<group>"; };
		E2A061FC28BB2D5D006191D4 /* Home.swift */ = {isa = PBXFileReference; fileEncoding = 4; lastKnownFileType = sourcecode.swift; path = Home.swift; sourceTree = "<group>"; };
		E2A061FE28BB2D77006191D4 /* TaskViewModel.swift */ = {isa = PBXFileReference; fileEncoding = 4; lastKnownFileType = sourcecode.swift; path = TaskViewModel.swift; sourceTree = "<group>"; };
		E2A0620028BB2DF9006191D4 /* NewTask.swift */ = {isa = PBXFileReference; fileEncoding = 4; lastKnownFileType = sourcecode.swift; path = NewTask.swift; sourceTree = "<group>"; };
		E2A0620228BB2E10006191D4 /* DynamicFilteredView.swift */ = {isa = PBXFileReference; fileEncoding = 4; lastKnownFileType = sourcecode.swift; path = DynamicFilteredView.swift; sourceTree = "<group>"; };
/* End PBXFileReference section */

/* Begin PBXFrameworksBuildPhase section */
		E2A061BE28BB2BB3006191D4 /* Frameworks */ = {
			isa = PBXFrameworksBuildPhase;
			buildActionMask = 2147483647;
			files = (
			);
			runOnlyForDeploymentPostprocessing = 0;
		};
		E2A061C428BB2BB3006191D4 /* Frameworks */ = {
			isa = PBXFrameworksBuildPhase;
			buildActionMask = 2147483647;
			files = (
			);
			runOnlyForDeploymentPostprocessing = 0;
		};
		E2A061CB28BB2BB3006191D4 /* Frameworks */ = {
			isa = PBXFrameworksBuildPhase;
			buildActionMask = 2147483647;
			files = (
			);
			runOnlyForDeploymentPostprocessing = 0;
		};
		E2A061D728BB2BB3006191D4 /* Frameworks */ = {
			isa = PBXFrameworksBuildPhase;
			buildActionMask = 2147483647;
			files = (
			);
			runOnlyForDeploymentPostprocessing = 0;
		};
/* End PBXFrameworksBuildPhase section */

/* Begin PBXGroup section */
		E2A061B128BB2BB2006191D4 = {
			isa = PBXGroup;
			children = (
				E2A061B628BB2BB2006191D4 /* Shared */,
				E2A061C828BB2BB3006191D4 /* macOS */,
				E2A061D128BB2BB3006191D4 /* Tests iOS */,
				E2A061DD28BB2BB3006191D4 /* Tests macOS */,
				E2A061C228BB2BB3006191D4 /* Products */,
			);
			sourceTree = "<group>";
		};
		E2A061B628BB2BB2006191D4 /* Shared */ = {
			isa = PBXGroup;
			children = (
				E2A061FB28BB2D35006191D4 /* ViewModel */,
				E2A061FA28BB2D1E006191D4 /* View */,
				E2A061B928BB2BB2006191D4 /* TaskManagementCoreDataApp.swift */,
				E2A061BA28BB2BB2006191D4 /* ContentView.swift */,
				E2A061BB28BB2BB2006191D4 /* Persistence.swift */,
				E2A061BC28BB2BB3006191D4 /* Assets.xcassets */,
				E2A061B728BB2BB2006191D4 /* TaskManagementCoreData.xcdatamodeld */,
			);
			path = Shared;
			sourceTree = "<group>";
		};
		E2A061C228BB2BB3006191D4 /* Products */ = {
			isa = PBXGroup;
			children = (
				E2A061C128BB2BB3006191D4 /* TaskManagementCoreData.app */,
				E2A061C728BB2BB3006191D4 /* TaskManagementCoreData.app */,
				E2A061CE28BB2BB3006191D4 /* Tests iOS.xctest */,
				E2A061DA28BB2BB3006191D4 /* Tests macOS.xctest */,
			);
			name = Products;
			sourceTree = "<group>";
		};
		E2A061C828BB2BB3006191D4 /* macOS */ = {
			isa = PBXGroup;
			children = (
				E2A061C928BB2BB3006191D4 /* macOS.entitlements */,
			);
			path = macOS;
			sourceTree = "<group>";
		};
		E2A061D128BB2BB3006191D4 /* Tests iOS */ = {
			isa = PBXGroup;
			children = (
				E2A061D228BB2BB3006191D4 /* Tests_iOS.swift */,
				E2A061D428BB2BB3006191D4 /* Tests_iOSLaunchTests.swift */,
			);
			path = "Tests iOS";
			sourceTree = "<group>";
		};
		E2A061DD28BB2BB3006191D4 /* Tests macOS */ = {
			isa = PBXGroup;
			children = (
				E2A061DE28BB2BB3006191D4 /* Tests_macOS.swift */,
				E2A061E028BB2BB3006191D4 /* Tests_macOSLaunchTests.swift */,
			);
			path = "Tests macOS";
			sourceTree = "<group>";
		};
		E2A061FA28BB2D1E006191D4 /* View */ = {
			isa = PBXGroup;
			children = (
				E2A061FC28BB2D5D006191D4 /* Home.swift */,
				E2A0620228BB2E10006191D4 /* DynamicFilteredView.swift */,
				E2A0620028BB2DF9006191D4 /* NewTask.swift */,
			);
			path = View;
			sourceTree = "<group>";
		};
		E2A061FB28BB2D35006191D4 /* ViewModel */ = {
			isa = PBXGroup;
			children = (
				E2A061FE28BB2D77006191D4 /* TaskViewModel.swift */,
			);
			path = ViewModel;
			sourceTree = "<group>";
		};
/* End PBXGroup section */

/* Begin PBXNativeTarget section */
		E2A061C028BB2BB3006191D4 /* TaskManagementCoreData (iOS) */ = {
			isa = PBXNativeTarget;
			buildConfigurationList = E2A061EE28BB2BB3006191D4 /* Build configuration list for PBXNativeTarget "TaskManagementCoreData (iOS)" */;
			buildPhases = (
				E2A061BD28BB2BB3006191D4 /* Sources */,
				E2A061BE28BB2BB3006191D4 /* Frameworks */,
				E2A061BF28BB2BB3006191D4 /* Resources */,
			);
			buildRules = (
			);
			dependencies = (
			);
			name = "TaskManagementCoreData (iOS)";
			productName = "TaskManagementCoreData (iOS)";
			productReference = E2A061C128BB2BB3006191D4 /* TaskManagementCoreData.app */;
			productType = "com.apple.product-type.application";
		};
		E2A061C628BB2BB3006191D4 /* TaskManagementCoreData (macOS) */ = {
			isa = PBXNativeTarget;
			buildConfigurationList = E2A061F128BB2BB3006191D4 /* Build configuration list for PBXNativeTarget "TaskManagementCoreData (macOS)" */;
			buildPhases = (
				E2A061C328BB2BB3006191D4 /* Sources */,
				E2A061C428BB2BB3006191D4 /* Frameworks */,
				E2A061C528BB2BB3006191D4 /* Resources */,
			);
			buildRules = (
			);
			dependencies = (
			);
			name = "TaskManagementCoreData (macOS)";
			productName = "TaskManagementCoreData (macOS)";
			productReference = E2A061C728BB2BB3006191D4 /* TaskManagementCoreData.app */;
			productType = "com.apple.product-type.application";
		};
		E2A061CD28BB2BB3006191D4 /* Tests iOS */ = {
			isa = PBXNativeTarget;
			buildConfigurationList = E2A061F428BB2BB3006191D4 /* Build configuration list for PBXNativeTarget "Tests iOS" */;
			buildPhases = (
				E2A061CA28BB2BB3006191D4 /* Sources */,
				E2A061CB28BB2BB3006191D4 /* Frameworks */,
				E2A061CC28BB2BB3006191D4 /* Resources */,
			);
			buildRules = (
			);
			dependencies = (
				E2A061D028BB2BB3006191D4 /* PBXTargetDependency */,
			);
			name = "Tests iOS";
			productName = "Tests iOS";
			productReference = E2A061CE28BB2BB3006191D4 /* Tests iOS.xctest */;
			productType = "com.apple.product-type.bundle.ui-testing";
		};
		E2A061D928BB2BB3006191D4 /* Tests macOS */ = {
			isa = PBXNativeTarget;
			buildConfigurationList = E2A061F728BB2BB3006191D4 /* Build configuration list for PBXNativeTarget "Tests macOS" */;
			buildPhases = (
				E2A061D628BB2BB3006191D4 /* Sources */,
				E2A061D728BB2BB3006191D4 /* Frameworks */,
				E2A061D828BB2BB3006191D4 /* Resources */,
			);
			buildRules = (
			);
			dependencies = (
				E2A061DC28BB2BB3006191D4 /* PBXTargetDependency */,
			);
			name = "Tests macOS";
			productName = "Tests macOS";
			productReference = E2A061DA28BB2BB3006191D4 /* Tests macOS.xctest */;
			productType = "com.apple.product-type.bundle.ui-testing";
		};
/* End PBXNativeTarget section */

/* Begin PBXProject section */
		E2A061B228BB2BB2006191D4 /* Project object */ = {
			isa = PBXProject;
			attributes = {
				BuildIndependentTargetsInParallel = 1;
				LastSwiftUpdateCheck = 1340;
				LastUpgradeCheck = 1340;
				TargetAttributes = {
					E2A061C028BB2BB3006191D4 = {
						CreatedOnToolsVersion = 13.4.1;
					};
					E2A061C628BB2BB3006191D4 = {
						CreatedOnToolsVersion = 13.4.1;
					};
					E2A061CD28BB2BB3006191D4 = {
						CreatedOnToolsVersion = 13.4.1;
						TestTargetID = E2A061C028BB2BB3006191D4;
					};
					E2A061D928BB2BB3006191D4 = {
						CreatedOnToolsVersion = 13.4.1;
						TestTargetID = E2A061C628BB2BB3006191D4;
					};
				};
			};
			buildConfigurationList = E2A061B528BB2BB2006191D4 /* Build configuration list for PBXProject "TaskManagementCoreData" */;
			compatibilityVersion = "Xcode 13.0";
			developmentRegion = en;
			hasScannedForEncodings = 0;
			knownRegions = (
				en,
				Base,
			);
			mainGroup = E2A061B128BB2BB2006191D4;
			productRefGroup = E2A061C228BB2BB3006191D4 /* Products */;
			projectDirPath = "";
			projectRoot = "";
			targets = (
				E2A061C028BB2BB3006191D4 /* TaskManagementCoreData (iOS) */,
				E2A061C628BB2BB3006191D4 /* TaskManagementCoreData (macOS) */,
				E2A061CD28BB2BB3006191D4 /* Tests iOS */,
				E2A061D928BB2BB3006191D4 /* Tests macOS */,
			);
		};
/* End PBXProject section */

/* Begin PBXResourcesBuildPhase section */
		E2A061BF28BB2BB3006191D4 /* Resources */ = {
			isa = PBXResourcesBuildPhase;
			buildActionMask = 2147483647;
			files = (
				E2A061EA28BB2BB3006191D4 /* Assets.xcassets in Resources */,
			);
			runOnlyForDeploymentPostprocessing = 0;
		};
		E2A061C528BB2BB3006191D4 /* Resources */ = {
			isa = PBXResourcesBuildPhase;
			buildActionMask = 2147483647;
			files = (
				E2A061EB28BB2BB3006191D4 /* Assets.xcassets in Resources */,
			);
			runOnlyForDeploymentPostprocessing = 0;
		};
		E2A061CC28BB2BB3006191D4 /* Resources */ = {
			isa = PBXResourcesBuildPhase;
			buildActionMask = 2147483647;
			files = (
			);
			runOnlyForDeploymentPostprocessing = 0;
		};
		E2A061D828BB2BB3006191D4 /* Resources */ = {
			isa = PBXResourcesBuildPhase;
			buildActionMask = 2147483647;
			files = (
			);
			runOnlyForDeploymentPostprocessing = 0;
		};
/* End PBXResourcesBuildPhase section */

/* Begin PBXSourcesBuildPhase section */
		E2A061BD28BB2BB3006191D4 /* Sources */ = {
			isa = PBXSourcesBuildPhase;
			buildActionMask = 2147483647;
			files = (
				E2A061E428BB2BB3006191D4 /* TaskManagementCoreDataApp.swift in Sources */,
				E2A061FF28BB2D77006191D4 /* TaskViewModel.swift in Sources */,
				E2A0620128BB2DF9006191D4 /* NewTask.swift in Sources */,
				E2A0620328BB2E10006191D4 /* DynamicFilteredView.swift in Sources */,
				E2A061E828BB2BB3006191D4 /* Persistence.swift in Sources */,
				E2A061FD28BB2D5D006191D4 /* Home.swift in Sources */,
				E2A061E228BB2BB3006191D4 /* TaskManagementCoreData.xcdatamodeld in Sources */,
				E2A061E628BB2BB3006191D4 /* ContentView.swift in Sources */,
			);
			runOnlyForDeploymentPostprocessing = 0;
		};
		E2A061C328BB2BB3006191D4 /* Sources */ = {
			isa = PBXSourcesBuildPhase;
			buildActionMask = 2147483647;
			files = (
				E2A061E528BB2BB3006191D4 /* TaskManagementCoreDataApp.swift in Sources */,
				E2A061E928BB2BB3006191D4 /* Persistence.swift in Sources */,
				E2A061E328BB2BB3006191D4 /* TaskManagementCoreData.xcdatamodeld in Sources */,
				E2A061E728BB2BB3006191D4 /* ContentView.swift in Sources */,
			);
			runOnlyForDeploymentPostprocessing = 0;
		};
		E2A061CA28BB2BB3006191D4 /* Sources */ = {
			isa = PBXSourcesBuildPhase;
			buildActionMask = 2147483647;
			files = (
				E2A061D528BB2BB3006191D4 /* Tests_iOSLaunchTests.swift in Sources */,
				E2A061D328BB2BB3006191D4 /* Tests_iOS.swift in Sources */,
			);
			runOnlyForDeploymentPostprocessing = 0;
		};
		E2A061D628BB2BB3006191D4 /* Sources */ = {
			isa = PBXSourcesBuildPhase;
			buildActionMask = 2147483647;
			files = (
				E2A061E128BB2BB3006191D4 /* Tests_macOSLaunchTests.swift in Sources */,
				E2A061DF28BB2BB3006191D4 /* Tests_macOS.swift in Sources */,
			);
			runOnlyForDeploymentPostprocessing = 0;
		};
/* End PBXSourcesBuildPhase section */

/* Begin PBXTargetDependency section */
		E2A061D028BB2BB3006191D4 /* PBXTargetDependency */ = {
			isa = PBXTargetDependency;
			target = E2A061C028BB2BB3006191D4 /* TaskManagementCoreData (iOS) */;
			targetProxy = E2A061CF28BB2BB3006191D4 /* PBXContainerItemProxy */;
		};
		E2A061DC28BB2BB3006191D4 /* PBXTargetDependency */ = {
			isa = PBXTargetDependency;
			target = E2A061C628BB2BB3006191D4 /* TaskManagementCoreData (macOS) */;
			targetProxy = E2A061DB28BB2BB3006191D4 /* PBXContainerItemProxy */;
		};
/* End PBXTargetDependency section */

/* Begin XCBuildConfiguration section */
		E2A061EC28BB2BB3006191D4 /* Debug */ = {
			isa = XCBuildConfiguration;
			buildSettings = {
				ALWAYS_SEARCH_USER_PATHS = NO;
				CLANG_ANALYZER_NONNULL = YES;
				CLANG_ANALYZER_NUMBER_OBJECT_CONVERSION = YES_AGGRESSIVE;
				CLANG_CXX_LANGUAGE_STANDARD = "gnu++17";
				CLANG_ENABLE_MODULES = YES;
				CLANG_ENABLE_OBJC_ARC = YES;
				CLANG_ENABLE_OBJC_WEAK = YES;
				CLANG_WARN_BLOCK_CAPTURE_AUTORELEASING = YES;
				CLANG_WARN_BOOL_CONVERSION = YES;
				CLANG_WARN_COMMA = YES;
				CLANG_WARN_CONSTANT_CONVERSION = YES;
				CLANG_WARN_DEPRECATED_OBJC_IMPLEMENTATIONS = YES;
				CLANG_WARN_DIRECT_OBJC_ISA_USAGE = YES_ERROR;
				CLANG_WARN_DOCUMENTATION_COMMENTS = YES;
				CLANG_WARN_EMPTY_BODY = YES;
				CLANG_WARN_ENUM_CONVERSION = YES;
				CLANG_WARN_INFINITE_RECURSION = YES;
				CLANG_WARN_INT_CONVERSION = YES;
				CLANG_WARN_NON_LITERAL_NULL_CONVERSION = YES;
				CLANG_WARN_OBJC_IMPLICIT_RETAIN_SELF = YES;
				CLANG_WARN_OBJC_LITERAL_CONVERSION = YES;
				CLANG_WARN_OBJC_ROOT_CLASS = YES_ERROR;
				CLANG_WARN_QUOTED_INCLUDE_IN_FRAMEWORK_HEADER = YES;
				CLANG_WARN_RANGE_LOOP_ANALYSIS = YES;
				CLANG_WARN_STRICT_PROTOTYPES = YES;
				CLANG_WARN_SUSPICIOUS_MOVE = YES;
				CLANG_WARN_UNGUARDED_AVAILABILITY = YES_AGGRESSIVE;
				CLANG_WARN_UNREACHABLE_CODE = YES;
				CLANG_WARN__DUPLICATE_METHOD_MATCH = YES;
				COPY_PHASE_STRIP = NO;
				DEBUG_INFORMATION_FORMAT = dwarf;
				ENABLE_STRICT_OBJC_MSGSEND = YES;
				ENABLE_TESTABILITY = YES;
				GCC_C_LANGUAGE_STANDARD = gnu11;
				GCC_DYNAMIC_NO_PIC = NO;
				GCC_NO_COMMON_BLOCKS = YES;
				GCC_OPTIMIZATION_LEVEL = 0;
				GCC_PREPROCESSOR_DEFINITIONS = (
					"DEBUG=1",
					"$(inherited)",
				);
				GCC_WARN_64_TO_32_BIT_CONVERSION = YES;
				GCC_WARN_ABOUT_RETURN_TYPE = YES_ERROR;
				GCC_WARN_UNDECLARED_SELECTOR = YES;
				GCC_WARN_UNINITIALIZED_AUTOS = YES_AGGRESSIVE;
				GCC_WARN_UNUSED_FUNCTION = YES;
				GCC_WARN_UNUSED_VARIABLE = YES;
				MTL_ENABLE_DEBUG_INFO = INCLUDE_SOURCE;
				MTL_FAST_MATH = YES;
				ONLY_ACTIVE_ARCH = YES;
				SWIFT_ACTIVE_COMPILATION_CONDITIONS = DEBUG;
				SWIFT_OPTIMIZATION_LEVEL = "-Onone";
			};
			name = Debug;
		};
		E2A061ED28BB2BB3006191D4 /* Release */ = {
			isa = XCBuildConfiguration;
			buildSettings = {
				ALWAYS_SEARCH_USER_PATHS = NO;
				CLANG_ANALYZER_NONNULL = YES;
				CLANG_ANALYZER_NUMBER_OBJECT_CONVERSION = YES_AGGRESSIVE;
				CLANG_CXX_LANGUAGE_STANDARD = "gnu++17";
				CLANG_ENABLE_MODULES = YES;
				CLANG_ENABLE_OBJC_ARC = YES;
				CLANG_ENABLE_OBJC_WEAK = YES;
				CLANG_WARN_BLOCK_CAPTURE_AUTORELEASING = YES;
				CLANG_WARN_BOOL_CONVERSION = YES;
				CLANG_WARN_COMMA = YES;
				CLANG_WARN_CONSTANT_CONVERSION = YES;
				CLANG_WARN_DEPRECATED_OBJC_IMPLEMENTATIONS = YES;
				CLANG_WARN_DIRECT_OBJC_ISA_USAGE = YES_ERROR;
				CLANG_WARN_DOCUMENTATION_COMMENTS = YES;
				CLANG_WARN_EMPTY_BODY = YES;
				CLANG_WARN_ENUM_CONVERSION = YES;
				CLANG_WARN_INFINITE_RECURSION = YES;
				CLANG_WARN_INT_CONVERSION = YES;
				CLANG_WARN_NON_LITERAL_NULL_CONVERSION = YES;
				CLANG_WARN_OBJC_IMPLICIT_RETAIN_SELF = YES;
				CLANG_WARN_OBJC_LITERAL_CONVERSION = YES;
				CLANG_WARN_OBJC_ROOT_CLASS = YES_ERROR;
				CLANG_WARN_QUOTED_INCLUDE_IN_FRAMEWORK_HEADER = YES;
				CLANG_WARN_RANGE_LOOP_ANALYSIS = YES;
				CLANG_WARN_STRICT_PROTOTYPES = YES;
				CLANG_WARN_SUSPICIOUS_MOVE = YES;
				CLANG_WARN_UNGUARDED_AVAILABILITY = YES_AGGRESSIVE;
				CLANG_WARN_UNREACHABLE_CODE = YES;
				CLANG_WARN__DUPLICATE_METHOD_MATCH = YES;
				COPY_PHASE_STRIP = NO;
				DEBUG_INFORMATION_FORMAT = "dwarf-with-dsym";
				ENABLE_NS_ASSERTIONS = NO;
				ENABLE_STRICT_OBJC_MSGSEND = YES;
				GCC_C_LANGUAGE_STANDARD = gnu11;
				GCC_NO_COMMON_BLOCKS = YES;
				GCC_WARN_64_TO_32_BIT_CONVERSION = YES;
				GCC_WARN_ABOUT_RETURN_TYPE = YES_ERROR;
				GCC_WARN_UNDECLARED_SELECTOR = YES;
				GCC_WARN_UNINITIALIZED_AUTOS = YES_AGGRESSIVE;
				GCC_WARN_UNUSED_FUNCTION = YES;
				GCC_WARN_UNUSED_VARIABLE = YES;
				MTL_ENABLE_DEBUG_INFO = NO;
				MTL_FAST_MATH = YES;
				SWIFT_COMPILATION_MODE = wholemodule;
				SWIFT_OPTIMIZATION_LEVEL = "-O";
			};
			name = Release;
		};
		E2A061EF28BB2BB3006191D4 /* Debug */ = {
			isa = XCBuildConfiguration;
			buildSettings = {
				ASSETCATALOG_COMPILER_APPICON_NAME = AppIcon;
				ASSETCATALOG_COMPILER_GLOBAL_ACCENT_COLOR_NAME = AccentColor;
				CODE_SIGN_STYLE = Automatic;
				CURRENT_PROJECT_VERSION = 1;
				DEVELOPMENT_TEAM = S642X6NN3X;
				ENABLE_PREVIEWS = YES;
				GENERATE_INFOPLIST_FILE = YES;
				INFOPLIST_KEY_UIApplicationSceneManifest_Generation = YES;
				INFOPLIST_KEY_UIApplicationSupportsIndirectInputEvents = YES;
				INFOPLIST_KEY_UILaunchScreen_Generation = YES;
				INFOPLIST_KEY_UISupportedInterfaceOrientations_iPad = "UIInterfaceOrientationPortrait UIInterfaceOrientationPortraitUpsideDown UIInterfaceOrientationLandscapeLeft UIInterfaceOrientationLandscapeRight";
				INFOPLIST_KEY_UISupportedInterfaceOrientations_iPhone = "UIInterfaceOrientationPortrait UIInterfaceOrientationLandscapeLeft UIInterfaceOrientationLandscapeRight";
				IPHONEOS_DEPLOYMENT_TARGET = 15.5;
				LD_RUNPATH_SEARCH_PATHS = (
					"$(inherited)",
					"@executable_path/Frameworks",
				);
				MARKETING_VERSION = 1.0;
				PRODUCT_BUNDLE_IDENTIFIER = com.talspektor.TaskManagementCoreData;
				PRODUCT_NAME = TaskManagementCoreData;
				SDKROOT = iphoneos;
				SWIFT_EMIT_LOC_STRINGS = YES;
				SWIFT_VERSION = 5.0;
				TARGETED_DEVICE_FAMILY = "1,2";
			};
			name = Debug;
		};
		E2A061F028BB2BB3006191D4 /* Release */ = {
			isa = XCBuildConfiguration;
			buildSettings = {
				ASSETCATALOG_COMPILER_APPICON_NAME = AppIcon;
				ASSETCATALOG_COMPILER_GLOBAL_ACCENT_COLOR_NAME = AccentColor;
				CODE_SIGN_STYLE = Automatic;
				CURRENT_PROJECT_VERSION = 1;
				DEVELOPMENT_TEAM = S642X6NN3X;
				ENABLE_PREVIEWS = YES;
				GENERATE_INFOPLIST_FILE = YES;
				INFOPLIST_KEY_UIApplicationSceneManifest_Generation = YES;
				INFOPLIST_KEY_UIApplicationSupportsIndirectInputEvents = YES;
				INFOPLIST_KEY_UILaunchScreen_Generation = YES;
				INFOPLIST_KEY_UISupportedInterfaceOrientations_iPad = "UIInterfaceOrientationPortrait UIInterfaceOrientationPortraitUpsideDown UIInterfaceOrientationLandscapeLeft UIInterfaceOrientationLandscapeRight";
				INFOPLIST_KEY_UISupportedInterfaceOrientations_iPhone = "UIInterfaceOrientationPortrait UIInterfaceOrientationLandscapeLeft UIInterfaceOrientationLandscapeRight";
				IPHONEOS_DEPLOYMENT_TARGET = 15.5;
				LD_RUNPATH_SEARCH_PATHS = (
					"$(inherited)",
					"@executable_path/Frameworks",
				);
				MARKETING_VERSION = 1.0;
				PRODUCT_BUNDLE_IDENTIFIER = com.talspektor.TaskManagementCoreData;
				PRODUCT_NAME = TaskManagementCoreData;
				SDKROOT = iphoneos;
				SWIFT_EMIT_LOC_STRINGS = YES;
				SWIFT_VERSION = 5.0;
				TARGETED_DEVICE_FAMILY = "1,2";
				VALIDATE_PRODUCT = YES;
			};
			name = Release;
		};
		E2A061F228BB2BB3006191D4 /* Debug */ = {
			isa = XCBuildConfiguration;
			buildSettings = {
				ASSETCATALOG_COMPILER_APPICON_NAME = AppIcon;
				ASSETCATALOG_COMPILER_GLOBAL_ACCENT_COLOR_NAME = AccentColor;
				CODE_SIGN_ENTITLEMENTS = macOS/macOS.entitlements;
				CODE_SIGN_STYLE = Automatic;
				COMBINE_HIDPI_IMAGES = YES;
				CURRENT_PROJECT_VERSION = 1;
				DEVELOPMENT_TEAM = S642X6NN3X;
				ENABLE_HARDENED_RUNTIME = YES;
				ENABLE_PREVIEWS = YES;
				GENERATE_INFOPLIST_FILE = YES;
				INFOPLIST_KEY_NSHumanReadableCopyright = "";
				LD_RUNPATH_SEARCH_PATHS = (
					"$(inherited)",
					"@executable_path/../Frameworks",
				);
				MACOSX_DEPLOYMENT_TARGET = 12.3;
				MARKETING_VERSION = 1.0;
				PRODUCT_BUNDLE_IDENTIFIER = com.talspektor.TaskManagementCoreData;
				PRODUCT_NAME = TaskManagementCoreData;
				SDKROOT = macosx;
				SWIFT_EMIT_LOC_STRINGS = YES;
				SWIFT_VERSION = 5.0;
			};
			name = Debug;
		};
		E2A061F328BB2BB3006191D4 /* Release */ = {
			isa = XCBuildConfiguration;
			buildSettings = {
				ASSETCATALOG_COMPILER_APPICON_NAME = AppIcon;
				ASSETCATALOG_COMPILER_GLOBAL_ACCENT_COLOR_NAME = AccentColor;
				CODE_SIGN_ENTITLEMENTS = macOS/macOS.entitlements;
				CODE_SIGN_STYLE = Automatic;
				COMBINE_HIDPI_IMAGES = YES;
				CURRENT_PROJECT_VERSION = 1;
				DEVELOPMENT_TEAM = S642X6NN3X;
				ENABLE_HARDENED_RUNTIME = YES;
				ENABLE_PREVIEWS = YES;
				GENERATE_INFOPLIST_FILE = YES;
				INFOPLIST_KEY_NSHumanReadableCopyright = "";
				LD_RUNPATH_SEARCH_PATHS = (
					"$(inherited)",
					"@executable_path/../Frameworks",
				);
				MACOSX_DEPLOYMENT_TARGET = 12.3;
				MARKETING_VERSION = 1.0;
				PRODUCT_BUNDLE_IDENTIFIER = com.talspektor.TaskManagementCoreData;
				PRODUCT_NAME = TaskManagementCoreData;
				SDKROOT = macosx;
				SWIFT_EMIT_LOC_STRINGS = YES;
				SWIFT_VERSION = 5.0;
			};
			name = Release;
		};
		E2A061F528BB2BB3006191D4 /* Debug */ = {
			isa = XCBuildConfiguration;
			buildSettings = {
				ALWAYS_EMBED_SWIFT_STANDARD_LIBRARIES = YES;
				CODE_SIGN_STYLE = Automatic;
				CURRENT_PROJECT_VERSION = 1;
				DEVELOPMENT_TEAM = S642X6NN3X;
				GENERATE_INFOPLIST_FILE = YES;
				IPHONEOS_DEPLOYMENT_TARGET = 15.5;
				MARKETING_VERSION = 1.0;
				PRODUCT_BUNDLE_IDENTIFIER = "com.talspektor.Tests-iOS";
				PRODUCT_NAME = "$(TARGET_NAME)";
				SDKROOT = iphoneos;
				SWIFT_EMIT_LOC_STRINGS = NO;
				SWIFT_VERSION = 5.0;
				TARGETED_DEVICE_FAMILY = "1,2";
				TEST_TARGET_NAME = "TaskManagementCoreData (iOS)";
			};
			name = Debug;
		};
		E2A061F628BB2BB3006191D4 /* Release */ = {
			isa = XCBuildConfiguration;
			buildSettings = {
				ALWAYS_EMBED_SWIFT_STANDARD_LIBRARIES = YES;
				CODE_SIGN_STYLE = Automatic;
				CURRENT_PROJECT_VERSION = 1;
				DEVELOPMENT_TEAM = S642X6NN3X;
				GENERATE_INFOPLIST_FILE = YES;
				IPHONEOS_DEPLOYMENT_TARGET = 15.5;
				MARKETING_VERSION = 1.0;
				PRODUCT_BUNDLE_IDENTIFIER = "com.talspektor.Tests-iOS";
				PRODUCT_NAME = "$(TARGET_NAME)";
				SDKROOT = iphoneos;
				SWIFT_EMIT_LOC_STRINGS = NO;
				SWIFT_VERSION = 5.0;
				TARGETED_DEVICE_FAMILY = "1,2";
				TEST_TARGET_NAME = "TaskManagementCoreData (iOS)";
				VALIDATE_PRODUCT = YES;
			};
			name = Release;
		};
		E2A061F828BB2BB3006191D4 /* Debug */ = {
			isa = XCBuildConfiguration;
			buildSettings = {
				ALWAYS_EMBED_SWIFT_STANDARD_LIBRARIES = YES;
				CODE_SIGN_STYLE = Automatic;
				CURRENT_PROJECT_VERSION = 1;
				DEVELOPMENT_TEAM = S642X6NN3X;
				GENERATE_INFOPLIST_FILE = YES;
				MACOSX_DEPLOYMENT_TARGET = 12.3;
				MARKETING_VERSION = 1.0;
				PRODUCT_BUNDLE_IDENTIFIER = "com.talspektor.Tests-macOS";
				PRODUCT_NAME = "$(TARGET_NAME)";
				SDKROOT = macosx;
				SWIFT_EMIT_LOC_STRINGS = NO;
				SWIFT_VERSION = 5.0;
				TEST_TARGET_NAME = "TaskManagementCoreData (macOS)";
			};
			name = Debug;
		};
		E2A061F928BB2BB3006191D4 /* Release */ = {
			isa = XCBuildConfiguration;
			buildSettings = {
				ALWAYS_EMBED_SWIFT_STANDARD_LIBRARIES = YES;
				CODE_SIGN_STYLE = Automatic;
				CURRENT_PROJECT_VERSION = 1;
				DEVELOPMENT_TEAM = S642X6NN3X;
				GENERATE_INFOPLIST_FILE = YES;
				MACOSX_DEPLOYMENT_TARGET = 12.3;
				MARKETING_VERSION = 1.0;
				PRODUCT_BUNDLE_IDENTIFIER = "com.talspektor.Tests-macOS";
				PRODUCT_NAME = "$(TARGET_NAME)";
				SDKROOT = macosx;
				SWIFT_EMIT_LOC_STRINGS = NO;
				SWIFT_VERSION = 5.0;
				TEST_TARGET_NAME = "TaskManagementCoreData (macOS)";
			};
			name = Release;
		};
/* End XCBuildConfiguration section */

/* Begin XCConfigurationList section */
		E2A061B528BB2BB2006191D4 /* Build configuration list for PBXProject "TaskManagementCoreData" */ = {
			isa = XCConfigurationList;
			buildConfigurations = (
				E2A061EC28BB2BB3006191D4 /* Debug */,
				E2A061ED28BB2BB3006191D4 /* Release */,
			);
			defaultConfigurationIsVisible = 0;
			defaultConfigurationName = Release;
		};
		E2A061EE28BB2BB3006191D4 /* Build configuration list for PBXNativeTarget "TaskManagementCoreData (iOS)" */ = {
			isa = XCConfigurationList;
			buildConfigurations = (
				E2A061EF28BB2BB3006191D4 /* Debug */,
				E2A061F028BB2BB3006191D4 /* Release */,
			);
			defaultConfigurationIsVisible = 0;
			defaultConfigurationName = Release;
		};
		E2A061F128BB2BB3006191D4 /* Build configuration list for PBXNativeTarget "TaskManagementCoreData (macOS)" */ = {
			isa = XCConfigurationList;
			buildConfigurations = (
				E2A061F228BB2BB3006191D4 /* Debug */,
				E2A061F328BB2BB3006191D4 /* Release */,
			);
			defaultConfigurationIsVisible = 0;
			defaultConfigurationName = Release;
		};
		E2A061F428BB2BB3006191D4 /* Build configuration list for PBXNativeTarget "Tests iOS" */ = {
			isa = XCConfigurationList;
			buildConfigurations = (
				E2A061F528BB2BB3006191D4 /* Debug */,
				E2A061F628BB2BB3006191D4 /* Release */,
			);
			defaultConfigurationIsVisible = 0;
			defaultConfigurationName = Release;
		};
		E2A061F728BB2BB3006191D4 /* Build configuration list for PBXNativeTarget "Tests macOS" */ = {
			isa = XCConfigurationList;
			buildConfigurations = (
				E2A061F828BB2BB3006191D4 /* Debug */,
				E2A061F928BB2BB3006191D4 /* Release */,
			);
			defaultConfigurationIsVisible = 0;
			defaultConfigurationName = Release;
		};
/* End XCConfigurationList section */

/* Begin XCVersionGroup section */
		E2A061B728BB2BB2006191D4 /* TaskManagementCoreData.xcdatamodeld */ = {
			isa = XCVersionGroup;
			children = (
				E2A061B828BB2BB2006191D4 /* Shared.xcdatamodel */,
			);
			currentVersion = E2A061B828BB2BB2006191D4 /* Shared.xcdatamodel */;
			path = TaskManagementCoreData.xcdatamodeld;
			sourceTree = "<group>";
			versionGroupType = wrapper.xcdatamodel;
		};
/* End XCVersionGroup section */
	};
	rootObject = E2A061B228BB2BB2006191D4 /* Project object */;
}
