// !$*UTF8*$!
{
	archiveVersion = 1;
	classes = {
	};
	objectVersion = 55;
	objects = {

/* Begin PBXBuildFile section */
		E2B95D5128C499030080360D /* AppStoreAnimationApp.swift in Sources */ = {isa = PBXBuildFile; fileRef = E2B95D4128C499020080360D /* AppStoreAnimationApp.swift */; };
		E2B95D5228C499030080360D /* AppStoreAnimationApp.swift in Sources */ = {isa = PBXBuildFile; fileRef = E2B95D4128C499020080360D /* AppStoreAnimationApp.swift */; };
		E2B95D5328C499030080360D /* ContentView.swift in Sources */ = {isa = PBXBuildFile; fileRef = E2B95D4228C499020080360D /* ContentView.swift */; };
		E2B95D5428C499030080360D /* ContentView.swift in Sources */ = {isa = PBXBuildFile; fileRef = E2B95D4228C499020080360D /* ContentView.swift */; };
		E2B95D5528C499030080360D /* Assets.xcassets in Resources */ = {isa = PBXBuildFile; fileRef = E2B95D4328C499020080360D /* Assets.xcassets */; };
		E2B95D5628C499030080360D /* Assets.xcassets in Resources */ = {isa = PBXBuildFile; fileRef = E2B95D4328C499020080360D /* Assets.xcassets */; };
		E2B95D6A28C49A180080360D /* Today.swift in Sources */ = {isa = PBXBuildFile; fileRef = E2B95D6928C49A180080360D /* Today.swift */; };
		E2B95D6B28C49A180080360D /* Today.swift in Sources */ = {isa = PBXBuildFile; fileRef = E2B95D6928C49A180080360D /* Today.swift */; };
		E2B95D6D28C49A320080360D /* Home.swift in Sources */ = {isa = PBXBuildFile; fileRef = E2B95D6C28C49A320080360D /* Home.swift */; };
		E2B95D6E28C49A320080360D /* Home.swift in Sources */ = {isa = PBXBuildFile; fileRef = E2B95D6C28C49A320080360D /* Home.swift */; };
		E2B95D7028C49C020080360D /* CustomCorner.swift in Sources */ = {isa = PBXBuildFile; fileRef = E2B95D6F28C49C020080360D /* CustomCorner.swift */; };
		E2B95D7128C49C020080360D /* CustomCorner.swift in Sources */ = {isa = PBXBuildFile; fileRef = E2B95D6F28C49C020080360D /* CustomCorner.swift */; };
/* End PBXBuildFile section */

/* Begin PBXFileReference section */
		E2B95D4128C499020080360D /* AppStoreAnimationApp.swift */ = {isa = PBXFileReference; lastKnownFileType = sourcecode.swift; path = AppStoreAnimationApp.swift; sourceTree = "<group>"; };
		E2B95D4228C499020080360D /* ContentView.swift */ = {isa = PBXFileReference; lastKnownFileType = sourcecode.swift; path = ContentView.swift; sourceTree = "<group>"; };
		E2B95D4328C499020080360D /* Assets.xcassets */ = {isa = PBXFileReference; lastKnownFileType = folder.assetcatalog; path = Assets.xcassets; sourceTree = "<group>"; };
		E2B95D4828C499020080360D /* AppStoreAnimation.app */ = {isa = PBXFileReference; explicitFileType = wrapper.application; includeInIndex = 0; path = AppStoreAnimation.app; sourceTree = BUILT_PRODUCTS_DIR; };
		E2B95D4E28C499030080360D /* AppStoreAnimation.app */ = {isa = PBXFileReference; explicitFileType = wrapper.application; includeInIndex = 0; path = AppStoreAnimation.app; sourceTree = BUILT_PRODUCTS_DIR; };
		E2B95D5028C499030080360D /* macOS.entitlements */ = {isa = PBXFileReference; lastKnownFileType = text.plist.entitlements; path = macOS.entitlements; sourceTree = "<group>"; };
		E2B95D6928C49A180080360D /* Today.swift */ = {isa = PBXFileReference; lastKnownFileType = sourcecode.swift; path = Today.swift; sourceTree = "<group>"; };
		E2B95D6C28C49A320080360D /* Home.swift */ = {isa = PBXFileReference; lastKnownFileType = sourcecode.swift; path = Home.swift; sourceTree = "<group>"; };
		E2B95D6F28C49C020080360D /* CustomCorner.swift */ = {isa = PBXFileReference; lastKnownFileType = sourcecode.swift; path = CustomCorner.swift; sourceTree = "<group>"; };
/* End PBXFileReference section */

/* Begin PBXFrameworksBuildPhase section */
		E2B95D4528C499020080360D /* Frameworks */ = {
			isa = PBXFrameworksBuildPhase;
			buildActionMask = 2147483647;
			files = (
			);
			runOnlyForDeploymentPostprocessing = 0;
		};
		E2B95D4B28C499020080360D /* Frameworks */ = {
			isa = PBXFrameworksBuildPhase;
			buildActionMask = 2147483647;
			files = (
			);
			runOnlyForDeploymentPostprocessing = 0;
		};
/* End PBXFrameworksBuildPhase section */

/* Begin PBXGroup section */
		E2B95D3B28C499020080360D = {
			isa = PBXGroup;
			children = (
				E2B95D4028C499020080360D /* Shared */,
				E2B95D4F28C499030080360D /* macOS */,
				E2B95D4928C499020080360D /* Products */,
			);
			sourceTree = "<group>";
		};
		E2B95D4028C499020080360D /* Shared */ = {
			isa = PBXGroup;
			children = (
				E2B95D6828C499FE0080360D /* Model */,
				E2B95D6228C499AA0080360D /* View */,
				E2B95D4128C499020080360D /* AppStoreAnimationApp.swift */,
				E2B95D4228C499020080360D /* ContentView.swift */,
				E2B95D4328C499020080360D /* Assets.xcassets */,
			);
			path = Shared;
			sourceTree = "<group>";
		};
		E2B95D4928C499020080360D /* Products */ = {
			isa = PBXGroup;
			children = (
				E2B95D4828C499020080360D /* AppStoreAnimation.app */,
				E2B95D4E28C499030080360D /* AppStoreAnimation.app */,
			);
			name = Products;
			sourceTree = "<group>";
		};
		E2B95D4F28C499030080360D /* macOS */ = {
			isa = PBXGroup;
			children = (
				E2B95D5028C499030080360D /* macOS.entitlements */,
			);
			path = macOS;
			sourceTree = "<group>";
		};
		E2B95D6228C499AA0080360D /* View */ = {
			isa = PBXGroup;
			children = (
				E2B95D6C28C49A320080360D /* Home.swift */,
				E2B95D6F28C49C020080360D /* CustomCorner.swift */,
			);
			path = View;
			sourceTree = "<group>";
		};
		E2B95D6828C499FE0080360D /* Model */ = {
			isa = PBXGroup;
			children = (
				E2B95D6928C49A180080360D /* Today.swift */,
			);
			path = Model;
			sourceTree = "<group>";
		};
/* End PBXGroup section */

/* Begin PBXNativeTarget section */
		E2B95D4728C499020080360D /* AppStoreAnimation (iOS) */ = {
			isa = PBXNativeTarget;
			buildConfigurationList = E2B95D5928C499030080360D /* Build configuration list for PBXNativeTarget "AppStoreAnimation (iOS)" */;
			buildPhases = (
				E2B95D4428C499020080360D /* Sources */,
				E2B95D4528C499020080360D /* Frameworks */,
				E2B95D4628C499020080360D /* Resources */,
			);
			buildRules = (
			);
			dependencies = (
			);
			name = "AppStoreAnimation (iOS)";
			productName = "AppStoreAnimation (iOS)";
			productReference = E2B95D4828C499020080360D /* AppStoreAnimation.app */;
			productType = "com.apple.product-type.application";
		};
		E2B95D4D28C499020080360D /* AppStoreAnimation (macOS) */ = {
			isa = PBXNativeTarget;
			buildConfigurationList = E2B95D5C28C499030080360D /* Build configuration list for PBXNativeTarget "AppStoreAnimation (macOS)" */;
			buildPhases = (
				E2B95D4A28C499020080360D /* Sources */,
				E2B95D4B28C499020080360D /* Frameworks */,
				E2B95D4C28C499020080360D /* Resources */,
			);
			buildRules = (
			);
			dependencies = (
			);
			name = "AppStoreAnimation (macOS)";
			productName = "AppStoreAnimation (macOS)";
			productReference = E2B95D4E28C499030080360D /* AppStoreAnimation.app */;
			productType = "com.apple.product-type.application";
		};
/* End PBXNativeTarget section */

/* Begin PBXProject section */
		E2B95D3C28C499020080360D /* Project object */ = {
			isa = PBXProject;
			attributes = {
				BuildIndependentTargetsInParallel = 1;
				LastSwiftUpdateCheck = 1340;
				LastUpgradeCheck = 1340;
				TargetAttributes = {
					E2B95D4728C499020080360D = {
						CreatedOnToolsVersion = 13.4.1;
					};
					E2B95D4D28C499020080360D = {
						CreatedOnToolsVersion = 13.4.1;
					};
				};
			};
			buildConfigurationList = E2B95D3F28C499020080360D /* Build configuration list for PBXProject "AppStoreAnimation" */;
			compatibilityVersion = "Xcode 13.0";
			developmentRegion = en;
			hasScannedForEncodings = 0;
			knownRegions = (
				en,
				Base,
			);
			mainGroup = E2B95D3B28C499020080360D;
			productRefGroup = E2B95D4928C499020080360D /* Products */;
			projectDirPath = "";
			projectRoot = "";
			targets = (
				E2B95D4728C499020080360D /* AppStoreAnimation (iOS) */,
				E2B95D4D28C499020080360D /* AppStoreAnimation (macOS) */,
			);
		};
/* End PBXProject section */

/* Begin PBXResourcesBuildPhase section */
		E2B95D4628C499020080360D /* Resources */ = {
			isa = PBXResourcesBuildPhase;
			buildActionMask = 2147483647;
			files = (
				E2B95D5528C499030080360D /* Assets.xcassets in Resources */,
			);
			runOnlyForDeploymentPostprocessing = 0;
		};
		E2B95D4C28C499020080360D /* Resources */ = {
			isa = PBXResourcesBuildPhase;
			buildActionMask = 2147483647;
			files = (
				E2B95D5628C499030080360D /* Assets.xcassets in Resources */,
			);
			runOnlyForDeploymentPostprocessing = 0;
		};
/* End PBXResourcesBuildPhase section */

/* Begin PBXSourcesBuildPhase section */
		E2B95D4428C499020080360D /* Sources */ = {
			isa = PBXSourcesBuildPhase;
			buildActionMask = 2147483647;
			files = (
				E2B95D5328C499030080360D /* ContentView.swift in Sources */,
				E2B95D7028C49C020080360D /* CustomCorner.swift in Sources */,
				E2B95D6A28C49A180080360D /* Today.swift in Sources */,
				E2B95D6D28C49A320080360D /* Home.swift in Sources */,
				E2B95D5128C499030080360D /* AppStoreAnimationApp.swift in Sources */,
			);
			runOnlyForDeploymentPostprocessing = 0;
		};
		E2B95D4A28C499020080360D /* Sources */ = {
			isa = PBXSourcesBuildPhase;
			buildActionMask = 2147483647;
			files = (
				E2B95D5428C499030080360D /* ContentView.swift in Sources */,
				E2B95D7128C49C020080360D /* CustomCorner.swift in Sources */,
				E2B95D6B28C49A180080360D /* Today.swift in Sources */,
				E2B95D6E28C49A320080360D /* Home.swift in Sources */,
				E2B95D5228C499030080360D /* AppStoreAnimationApp.swift in Sources */,
			);
			runOnlyForDeploymentPostprocessing = 0;
		};
/* End PBXSourcesBuildPhase section */

/* Begin XCBuildConfiguration section */
		E2B95D5728C499030080360D /* Debug */ = {
			isa = XCBuildConfiguration;
			buildSettings = {
				ALWAYS_SEARCH_USER_PATHS = NO;
				CLANG_ANALYZER_NONNULL = YES;
				CLANG_ANALYZER_NUMBER_OBJECT_CONVERSION = YES_AGGRESSIVE;
				CLANG_CXX_LANGUAGE_STANDARD = "gnu++17";
				CLANG_ENABLE_MODULES = YES;
				CLANG_ENABLE_OBJC_ARC = YES;
				CLANG_ENABLE_OBJC_WEAK = YES;
				CLANG_WARN_BLOCK_CAPTURE_AUTORELEASING = YES;
				CLANG_WARN_BOOL_CONVERSION = YES;
				CLANG_WARN_COMMA = YES;
				CLANG_WARN_CONSTANT_CONVERSION = YES;
				CLANG_WARN_DEPRECATED_OBJC_IMPLEMENTATIONS = YES;
				CLANG_WARN_DIRECT_OBJC_ISA_USAGE = YES_ERROR;
				CLANG_WARN_DOCUMENTATION_COMMENTS = YES;
				CLANG_WARN_EMPTY_BODY = YES;
				CLANG_WARN_ENUM_CONVERSION = YES;
				CLANG_WARN_INFINITE_RECURSION = YES;
				CLANG_WARN_INT_CONVERSION = YES;
				CLANG_WARN_NON_LITERAL_NULL_CONVERSION = YES;
				CLANG_WARN_OBJC_IMPLICIT_RETAIN_SELF = YES;
				CLANG_WARN_OBJC_LITERAL_CONVERSION = YES;
				CLANG_WARN_OBJC_ROOT_CLASS = YES_ERROR;
				CLANG_WARN_QUOTED_INCLUDE_IN_FRAMEWORK_HEADER = YES;
				CLANG_WARN_RANGE_LOOP_ANALYSIS = YES;
				CLANG_WARN_STRICT_PROTOTYPES = YES;
				CLANG_WARN_SUSPICIOUS_MOVE = YES;
				CLANG_WARN_UNGUARDED_AVAILABILITY = YES_AGGRESSIVE;
				CLANG_WARN_UNREACHABLE_CODE = YES;
				CLANG_WARN__DUPLICATE_METHOD_MATCH = YES;
				COPY_PHASE_STRIP = NO;
				DEBUG_INFORMATION_FORMAT = dwarf;
				ENABLE_STRICT_OBJC_MSGSEND = YES;
				ENABLE_TESTABILITY = YES;
				GCC_C_LANGUAGE_STANDARD = gnu11;
				GCC_DYNAMIC_NO_PIC = NO;
				GCC_NO_COMMON_BLOCKS = YES;
				GCC_OPTIMIZATION_LEVEL = 0;
				GCC_PREPROCESSOR_DEFINITIONS = (
					"DEBUG=1",
					"$(inherited)",
				);
				GCC_WARN_64_TO_32_BIT_CONVERSION = YES;
				GCC_WARN_ABOUT_RETURN_TYPE = YES_ERROR;
				GCC_WARN_UNDECLARED_SELECTOR = YES;
				GCC_WARN_UNINITIALIZED_AUTOS = YES_AGGRESSIVE;
				GCC_WARN_UNUSED_FUNCTION = YES;
				GCC_WARN_UNUSED_VARIABLE = YES;
				MTL_ENABLE_DEBUG_INFO = INCLUDE_SOURCE;
				MTL_FAST_MATH = YES;
				ONLY_ACTIVE_ARCH = YES;
				SWIFT_ACTIVE_COMPILATION_CONDITIONS = DEBUG;
				SWIFT_OPTIMIZATION_LEVEL = "-Onone";
			};
			name = Debug;
		};
		E2B95D5828C499030080360D /* Release */ = {
			isa = XCBuildConfiguration;
			buildSettings = {
				ALWAYS_SEARCH_USER_PATHS = NO;
				CLANG_ANALYZER_NONNULL = YES;
				CLANG_ANALYZER_NUMBER_OBJECT_CONVERSION = YES_AGGRESSIVE;
				CLANG_CXX_LANGUAGE_STANDARD = "gnu++17";
				CLANG_ENABLE_MODULES = YES;
				CLANG_ENABLE_OBJC_ARC = YES;
				CLANG_ENABLE_OBJC_WEAK = YES;
				CLANG_WARN_BLOCK_CAPTURE_AUTORELEASING = YES;
				CLANG_WARN_BOOL_CONVERSION = YES;
				CLANG_WARN_COMMA = YES;
				CLANG_WARN_CONSTANT_CONVERSION = YES;
				CLANG_WARN_DEPRECATED_OBJC_IMPLEMENTATIONS = YES;
				CLANG_WARN_DIRECT_OBJC_ISA_USAGE = YES_ERROR;
				CLANG_WARN_DOCUMENTATION_COMMENTS = YES;
				CLANG_WARN_EMPTY_BODY = YES;
				CLANG_WARN_ENUM_CONVERSION = YES;
				CLANG_WARN_INFINITE_RECURSION = YES;
				CLANG_WARN_INT_CONVERSION = YES;
				CLANG_WARN_NON_LITERAL_NULL_CONVERSION = YES;
				CLANG_WARN_OBJC_IMPLICIT_RETAIN_SELF = YES;
				CLANG_WARN_OBJC_LITERAL_CONVERSION = YES;
				CLANG_WARN_OBJC_ROOT_CLASS = YES_ERROR;
				CLANG_WARN_QUOTED_INCLUDE_IN_FRAMEWORK_HEADER = YES;
				CLANG_WARN_RANGE_LOOP_ANALYSIS = YES;
				CLANG_WARN_STRICT_PROTOTYPES = YES;
				CLANG_WARN_SUSPICIOUS_MOVE = YES;
				CLANG_WARN_UNGUARDED_AVAILABILITY = YES_AGGRESSIVE;
				CLANG_WARN_UNREACHABLE_CODE = YES;
				CLANG_WARN__DUPLICATE_METHOD_MATCH = YES;
				COPY_PHASE_STRIP = NO;
				DEBUG_INFORMATION_FORMAT = "dwarf-with-dsym";
				ENABLE_NS_ASSERTIONS = NO;
				ENABLE_STRICT_OBJC_MSGSEND = YES;
				GCC_C_LANGUAGE_STANDARD = gnu11;
				GCC_NO_COMMON_BLOCKS = YES;
				GCC_WARN_64_TO_32_BIT_CONVERSION = YES;
				GCC_WARN_ABOUT_RETURN_TYPE = YES_ERROR;
				GCC_WARN_UNDECLARED_SELECTOR = YES;
				GCC_WARN_UNINITIALIZED_AUTOS = YES_AGGRESSIVE;
				GCC_WARN_UNUSED_FUNCTION = YES;
				GCC_WARN_UNUSED_VARIABLE = YES;
				MTL_ENABLE_DEBUG_INFO = NO;
				MTL_FAST_MATH = YES;
				SWIFT_COMPILATION_MODE = wholemodule;
				SWIFT_OPTIMIZATION_LEVEL = "-O";
			};
			name = Release;
		};
		E2B95D5A28C499030080360D /* Debug */ = {
			isa = XCBuildConfiguration;
			buildSettings = {
				ASSETCATALOG_COMPILER_APPICON_NAME = AppIcon;
				ASSETCATALOG_COMPILER_GLOBAL_ACCENT_COLOR_NAME = AccentColor;
				CODE_SIGN_STYLE = Automatic;
				CURRENT_PROJECT_VERSION = 1;
				DEVELOPMENT_TEAM = S642X6NN3X;
				ENABLE_PREVIEWS = YES;
				GENERATE_INFOPLIST_FILE = YES;
				INFOPLIST_KEY_UIApplicationSceneManifest_Generation = YES;
				INFOPLIST_KEY_UIApplicationSupportsIndirectInputEvents = YES;
				INFOPLIST_KEY_UILaunchScreen_Generation = YES;
				INFOPLIST_KEY_UISupportedInterfaceOrientations_iPad = "UIInterfaceOrientationPortrait UIInterfaceOrientationPortraitUpsideDown UIInterfaceOrientationLandscapeLeft UIInterfaceOrientationLandscapeRight";
				INFOPLIST_KEY_UISupportedInterfaceOrientations_iPhone = "UIInterfaceOrientationPortrait UIInterfaceOrientationLandscapeLeft UIInterfaceOrientationLandscapeRight";
				IPHONEOS_DEPLOYMENT_TARGET = 15.5;
				LD_RUNPATH_SEARCH_PATHS = (
					"$(inherited)",
					"@executable_path/Frameworks",
				);
				MARKETING_VERSION = 1.0;
				PRODUCT_BUNDLE_IDENTIFIER = com.talspektor.AppStoreAnimation;
				PRODUCT_NAME = AppStoreAnimation;
				SDKROOT = iphoneos;
				SWIFT_EMIT_LOC_STRINGS = YES;
				SWIFT_VERSION = 5.0;
				TARGETED_DEVICE_FAMILY = "1,2";
			};
			name = Debug;
		};
		E2B95D5B28C499030080360D /* Release */ = {
			isa = XCBuildConfiguration;
			buildSettings = {
				ASSETCATALOG_COMPILER_APPICON_NAME = AppIcon;
				ASSETCATALOG_COMPILER_GLOBAL_ACCENT_COLOR_NAME = AccentColor;
				CODE_SIGN_STYLE = Automatic;
				CURRENT_PROJECT_VERSION = 1;
				DEVELOPMENT_TEAM = S642X6NN3X;
				ENABLE_PREVIEWS = YES;
				GENERATE_INFOPLIST_FILE = YES;
				INFOPLIST_KEY_UIApplicationSceneManifest_Generation = YES;
				INFOPLIST_KEY_UIApplicationSupportsIndirectInputEvents = YES;
				INFOPLIST_KEY_UILaunchScreen_Generation = YES;
				INFOPLIST_KEY_UISupportedInterfaceOrientations_iPad = "UIInterfaceOrientationPortrait UIInterfaceOrientationPortraitUpsideDown UIInterfaceOrientationLandscapeLeft UIInterfaceOrientationLandscapeRight";
				INFOPLIST_KEY_UISupportedInterfaceOrientations_iPhone = "UIInterfaceOrientationPortrait UIInterfaceOrientationLandscapeLeft UIInterfaceOrientationLandscapeRight";
				IPHONEOS_DEPLOYMENT_TARGET = 15.5;
				LD_RUNPATH_SEARCH_PATHS = (
					"$(inherited)",
					"@executable_path/Frameworks",
				);
				MARKETING_VERSION = 1.0;
				PRODUCT_BUNDLE_IDENTIFIER = com.talspektor.AppStoreAnimation;
				PRODUCT_NAME = AppStoreAnimation;
				SDKROOT = iphoneos;
				SWIFT_EMIT_LOC_STRINGS = YES;
				SWIFT_VERSION = 5.0;
				TARGETED_DEVICE_FAMILY = "1,2";
				VALIDATE_PRODUCT = YES;
			};
			name = Release;
		};
		E2B95D5D28C499030080360D /* Debug */ = {
			isa = XCBuildConfiguration;
			buildSettings = {
				ASSETCATALOG_COMPILER_APPICON_NAME = AppIcon;
				ASSETCATALOG_COMPILER_GLOBAL_ACCENT_COLOR_NAME = AccentColor;
				CODE_SIGN_ENTITLEMENTS = macOS/macOS.entitlements;
				CODE_SIGN_STYLE = Automatic;
				COMBINE_HIDPI_IMAGES = YES;
				CURRENT_PROJECT_VERSION = 1;
				DEVELOPMENT_TEAM = S642X6NN3X;
				ENABLE_HARDENED_RUNTIME = YES;
				ENABLE_PREVIEWS = YES;
				GENERATE_INFOPLIST_FILE = YES;
				INFOPLIST_KEY_NSHumanReadableCopyright = "";
				LD_RUNPATH_SEARCH_PATHS = (
					"$(inherited)",
					"@executable_path/../Frameworks",
				);
				MACOSX_DEPLOYMENT_TARGET = 12.3;
				MARKETING_VERSION = 1.0;
				PRODUCT_BUNDLE_IDENTIFIER = com.talspektor.AppStoreAnimation;
				PRODUCT_NAME = AppStoreAnimation;
				SDKROOT = macosx;
				SWIFT_EMIT_LOC_STRINGS = YES;
				SWIFT_VERSION = 5.0;
			};
			name = Debug;
		};
		E2B95D5E28C499030080360D /* Release */ = {
			isa = XCBuildConfiguration;
			buildSettings = {
				ASSETCATALOG_COMPILER_APPICON_NAME = AppIcon;
				ASSETCATALOG_COMPILER_GLOBAL_ACCENT_COLOR_NAME = AccentColor;
				CODE_SIGN_ENTITLEMENTS = macOS/macOS.entitlements;
				CODE_SIGN_STYLE = Automatic;
				COMBINE_HIDPI_IMAGES = YES;
				CURRENT_PROJECT_VERSION = 1;
				DEVELOPMENT_TEAM = S642X6NN3X;
				ENABLE_HARDENED_RUNTIME = YES;
				ENABLE_PREVIEWS = YES;
				GENERATE_INFOPLIST_FILE = YES;
				INFOPLIST_KEY_NSHumanReadableCopyright = "";
				LD_RUNPATH_SEARCH_PATHS = (
					"$(inherited)",
					"@executable_path/../Frameworks",
				);
				MACOSX_DEPLOYMENT_TARGET = 12.3;
				MARKETING_VERSION = 1.0;
				PRODUCT_BUNDLE_IDENTIFIER = com.talspektor.AppStoreAnimation;
				PRODUCT_NAME = AppStoreAnimation;
				SDKROOT = macosx;
				SWIFT_EMIT_LOC_STRINGS = YES;
				SWIFT_VERSION = 5.0;
			};
			name = Release;
		};
/* End XCBuildConfiguration section */

/* Begin XCConfigurationList section */
		E2B95D3F28C499020080360D /* Build configuration list for PBXProject "AppStoreAnimation" */ = {
			isa = XCConfigurationList;
			buildConfigurations = (
				E2B95D5728C499030080360D /* Debug */,
				E2B95D5828C499030080360D /* Release */,
			);
			defaultConfigurationIsVisible = 0;
			defaultConfigurationName = Release;
		};
		E2B95D5928C499030080360D /* Build configuration list for PBXNativeTarget "AppStoreAnimation (iOS)" */ = {
			isa = XCConfigurationList;
			buildConfigurations = (
				E2B95D5A28C499030080360D /* Debug */,
				E2B95D5B28C499030080360D /* Release */,
			);
			defaultConfigurationIsVisible = 0;
			defaultConfigurationName = Release;
		};
		E2B95D5C28C499030080360D /* Build configuration list for PBXNativeTarget "AppStoreAnimation (macOS)" */ = {
			isa = XCConfigurationList;
			buildConfigurations = (
				E2B95D5D28C499030080360D /* Debug */,
				E2B95D5E28C499030080360D /* Release */,
			);
			defaultConfigurationIsVisible = 0;
			defaultConfigurationName = Release;
		};
/* End XCConfigurationList section */
	};
	rootObject = E2B95D3C28C499020080360D /* Project object */;
}
